{
	"name": "realworld.svelte.dev",
	"version": "1.0.1-next.0",
	"lockfileVersion": 2,
	"requires": true,
	"packages": {
		"": {
			"name": "realworld.svelte.dev",
			"version": "1.0.1-next.0",
			"dependencies": {
				"cookie": "^0.4.1"
			},
			"devDependencies": {
				"@sveltejs/adapter-netlify": "next",
				"@sveltejs/adapter-vercel": "next",
				"@sveltejs/kit": "next",
				"marked": "^2.0.1",
				"svelte": "^3.35.0",
				"vite": "^2.1.5"
			}
		},
		"node_modules/@rollup/pluginutils": {
			"version": "4.1.0",
			"resolved": "https://registry.npmjs.org/@rollup/pluginutils/-/pluginutils-4.1.0.tgz",
			"integrity": "sha512-TrBhfJkFxA+ER+ew2U2/fHbebhLT/l/2pRk0hfj9KusXUuRXd2v0R58AfaZK9VXDQ4TogOSEmICVrQAA3zFnHQ==",
			"dev": true,
			"dependencies": {
				"estree-walker": "^2.0.1",
				"picomatch": "^2.2.2"
			},
			"engines": {
				"node": ">= 8.0.0"
			},
			"peerDependencies": {
				"rollup": "^1.20.0||^2.0.0"
			}
		},
		"node_modules/@sveltejs/adapter-netlify": {
			"version": "1.0.0-next.8",
			"resolved": "https://registry.npmjs.org/@sveltejs/adapter-netlify/-/adapter-netlify-1.0.0-next.8.tgz",
			"integrity": "sha512-44WQ3f2za31WI+OVYrDOglY1Co1AL+wMh4GWtXQRJRZZ/2Xlfxvro/5m86NJdbOrjdeTRXGM42TZY+gqerbJKQ==",
			"dev": true,
			"dependencies": {
				"@sveltejs/kit": "1.0.0-next.81",
				"esbuild": "^0.11.12",
				"toml": "^3.0.0"
			}
		},
		"node_modules/@sveltejs/adapter-vercel": {
			"version": "1.0.0-next.13",
			"resolved": "https://registry.npmjs.org/@sveltejs/adapter-vercel/-/adapter-vercel-1.0.0-next.13.tgz",
			"integrity": "sha512-7/DvjGBW+ldK80E7TsIB3Vpo6QmhdKK1+6pnN3/HrB1Uc+12sxvI76sXQGV0qhcJR3wUdXlHed3p8A8TSx1RhA==",
			"dev": true,
			"dependencies": {
				"@sveltejs/kit": "1.0.0-next.81",
				"esbuild": "^0.11.12"
			}
		},
		"node_modules/@sveltejs/kit": {
			"version": "1.0.0-next.81",
			"resolved": "https://registry.npmjs.org/@sveltejs/kit/-/kit-1.0.0-next.81.tgz",
			"integrity": "sha512-v1CxkLYX3xXRdihvpiOOuQs2MZa/f3ENZKeX7sMYDKQ0MzRpmrhzmplVukYD+fZHYUFjMj+yKYPMhOpC/p3ckQ==",
			"dev": true,
			"dependencies": {
				"@sveltejs/vite-plugin-svelte": "^1.0.0-next.7",
				"cheap-watch": "^1.0.3",
				"sade": "^1.7.4"
			},
			"bin": {
				"svelte-kit": "svelte-kit.js"
			},
			"engines": {
				"node": ">= 12.17.0"
			},
			"peerDependencies": {
				"svelte": "^3.32.1",
				"vite": "^2.1.0"
			}
		},
		"node_modules/@sveltejs/vite-plugin-svelte": {
			"version": "1.0.0-next.7",
			"resolved": "https://registry.npmjs.org/@sveltejs/vite-plugin-svelte/-/vite-plugin-svelte-1.0.0-next.7.tgz",
			"integrity": "sha512-ENvKYY36jrvFP7h1G87k5uOoEh5UM1m8n40J2duqV/R3wHnxfW81SCR1aXo+5CVU8Prm3/jtS4TWs8CUTqO1fw==",
			"dev": true,
			"dependencies": {
				"@rollup/pluginutils": "^4.1.0",
				"chalk": "^4.1.0",
				"debug": "^4.3.2",
				"hash-sum": "^2.0.0",
				"require-relative": "^0.8.7",
				"slash": "^3.0.0",
				"source-map": "^0.7.3",
				"svelte-hmr": "^0.14.0"
			},
			"engines": {
				"node": ">=12.0.0"
			},
			"peerDependencies": {
				"svelte": "^3.37.0",
				"vite": "^2.1.5"
			}
		},
		"node_modules/ansi-styles": {
			"version": "4.3.0",
			"resolved": "https://registry.npmjs.org/ansi-styles/-/ansi-styles-4.3.0.tgz",
			"integrity": "sha512-zbB9rCJAT1rbjiVDb2hqKFHNYLxgtk8NURxZ3IZwD3F6NtxbXZQCnnSi1Lkx+IDohdPlFp222wVALIheZJQSEg==",
			"dev": true,
			"dependencies": {
				"color-convert": "^2.0.1"
			},
			"engines": {
				"node": ">=8"
			},
			"funding": {
				"url": "https://github.com/chalk/ansi-styles?sponsor=1"
			}
		},
		"node_modules/chalk": {
			"version": "4.1.0",
			"resolved": "https://registry.npmjs.org/chalk/-/chalk-4.1.0.tgz",
			"integrity": "sha512-qwx12AxXe2Q5xQ43Ac//I6v5aXTipYrSESdOgzrN+9XjgEpyjpKuvSGaN4qE93f7TQTlerQQ8S+EQ0EyDoVL1A==",
			"dev": true,
			"dependencies": {
				"ansi-styles": "^4.1.0",
				"supports-color": "^7.1.0"
			},
			"engines": {
				"node": ">=10"
			},
			"funding": {
				"url": "https://github.com/chalk/chalk?sponsor=1"
			}
		},
		"node_modules/cheap-watch": {
			"version": "1.0.3",
			"resolved": "https://registry.npmjs.org/cheap-watch/-/cheap-watch-1.0.3.tgz",
			"integrity": "sha512-xC5CruMhLzjPwJ5ecUxGu1uGmwJQykUhqd2QrCrYbwvsFYdRyviu6jG9+pccwDXJR/OpmOTOJ9yLFunVgQu9wg==",
			"dev": true,
			"engines": {
				"node": ">=8"
			}
		},
		"node_modules/color-convert": {
			"version": "2.0.1",
			"resolved": "https://registry.npmjs.org/color-convert/-/color-convert-2.0.1.tgz",
			"integrity": "sha512-RRECPsj7iu/xb5oKYcsFHSppFNnsj/52OVTRKb4zP5onXwVF3zVmmToNcOfGC+CRDpfK/U584fMg38ZHCaElKQ==",
			"dev": true,
			"dependencies": {
				"color-name": "~1.1.4"
			},
			"engines": {
				"node": ">=7.0.0"
			}
		},
		"node_modules/color-name": {
			"version": "1.1.4",
			"resolved": "https://registry.npmjs.org/color-name/-/color-name-1.1.4.tgz",
			"integrity": "sha512-dOy+3AuW3a2wNbZHIuMZpTcgjGuLU/uBL/ubcZF9OXbDo8ff4O8yVp5Bf0efS8uEoYo5q4Fx7dY9OgQGXgAsQA==",
			"dev": true
		},
		"node_modules/colorette": {
			"version": "1.2.2",
			"resolved": "https://registry.npmjs.org/colorette/-/colorette-1.2.2.tgz",
			"integrity": "sha512-MKGMzyfeuutC/ZJ1cba9NqcNpfeqMUcYmyF1ZFY6/Cn7CNSAKx6a+s48sqLqyAiZuaP2TcqMhoo+dlwFnVxT9w==",
			"dev": true
		},
		"node_modules/cookie": {
			"version": "0.4.1",
			"resolved": "https://registry.npmjs.org/cookie/-/cookie-0.4.1.tgz",
			"integrity": "sha512-ZwrFkGJxUR3EIoXtO+yVE69Eb7KlixbaeAWfBQB9vVsNn/o+Yw69gBWSSDK825hQNdN+wF8zELf3dFNl/kxkUA==",
			"engines": {
				"node": ">= 0.6"
			}
		},
		"node_modules/debug": {
			"version": "4.3.2",
			"resolved": "https://registry.npmjs.org/debug/-/debug-4.3.2.tgz",
			"integrity": "sha512-mOp8wKcvj7XxC78zLgw/ZA+6TSgkoE2C/ienthhRD298T7UNwAg9diBpLRxC0mOezLl4B0xV7M0cCO6P/O0Xhw==",
			"dev": true,
			"dependencies": {
				"ms": "2.1.2"
			},
			"engines": {
				"node": ">=6.0"
			},
			"peerDependenciesMeta": {
				"supports-color": {
					"optional": true
				}
			}
		},
		"node_modules/esbuild": {
			"version": "0.11.12",
			"resolved": "https://registry.npmjs.org/esbuild/-/esbuild-0.11.12.tgz",
			"integrity": "sha512-c8cso/1RwVj+fbDvLtUgSG4ZJQ0y9Zdrl6Ot/GAjyy4pdMCHaFnDMts5gqFnWRPLajWtEnI+3hlET4R9fVoZng==",
			"dev": true,
			"hasInstallScript": true,
			"bin": {
				"esbuild": "bin/esbuild"
			}
		},
		"node_modules/estree-walker": {
			"version": "2.0.2",
			"resolved": "https://registry.npmjs.org/estree-walker/-/estree-walker-2.0.2.tgz",
			"integrity": "sha512-Rfkk/Mp/DL7JVje3u18FxFujQlTNR2q6QfMSMB7AvCBx91NGj/ba3kCfza0f6dVDbw7YlRf/nDrn7pQrCCyQ/w==",
			"dev": true
		},
		"node_modules/fsevents": {
			"version": "2.3.2",
			"resolved": "https://registry.npmjs.org/fsevents/-/fsevents-2.3.2.tgz",
			"integrity": "sha512-xiqMQR4xAeHTuB9uWm+fFRcIOgKBMiOBP+eXiyT7jsgVCq1bkVygt00oASowB7EdtpOHaaPgKt812P9ab+DDKA==",
			"dev": true,
			"hasInstallScript": true,
			"optional": true,
			"os": [
				"darwin"
			],
			"engines": {
				"node": "^8.16.0 || ^10.6.0 || >=11.0.0"
			}
		},
		"node_modules/function-bind": {
			"version": "1.1.1",
			"resolved": "https://registry.npmjs.org/function-bind/-/function-bind-1.1.1.tgz",
			"integrity": "sha512-yIovAzMX49sF8Yl58fSCWJ5svSLuaibPxXQJFLmBObTuCr0Mf1KiPopGM9NiFjiYBCbfaa2Fh6breQ6ANVTI0A==",
			"dev": true
		},
		"node_modules/has": {
			"version": "1.0.3",
			"resolved": "https://registry.npmjs.org/has/-/has-1.0.3.tgz",
			"integrity": "sha512-f2dvO0VU6Oej7RkWJGrehjbzMAjFp5/VKPp5tTpWIV4JHHZK1/BxbFRtf/siA2SWTe09caDmVtYYzWEIbBS4zw==",
			"dev": true,
			"dependencies": {
				"function-bind": "^1.1.1"
			},
			"engines": {
				"node": ">= 0.4.0"
			}
		},
		"node_modules/has-flag": {
			"version": "4.0.0",
			"resolved": "https://registry.npmjs.org/has-flag/-/has-flag-4.0.0.tgz",
			"integrity": "sha512-EykJT/Q1KjTWctppgIAgfSO0tKVuZUjhgMr17kqTumMl6Afv3EISleU7qZUzoXDFTAHTDC4NOoG/ZxU3EvlMPQ==",
			"dev": true,
			"engines": {
				"node": ">=8"
			}
		},
		"node_modules/hash-sum": {
			"version": "2.0.0",
			"resolved": "https://registry.npmjs.org/hash-sum/-/hash-sum-2.0.0.tgz",
			"integrity": "sha512-WdZTbAByD+pHfl/g9QSsBIIwy8IT+EsPiKDs0KNX+zSHhdDLFKdZu0BQHljvO+0QI/BasbMSUa8wYNCZTvhslg==",
			"dev": true
		},
		"node_modules/is-core-module": {
			"version": "2.2.0",
			"resolved": "https://registry.npmjs.org/is-core-module/-/is-core-module-2.2.0.tgz",
			"integrity": "sha512-XRAfAdyyY5F5cOXn7hYQDqh2Xmii+DEfIcQGxK/uNwMHhIkPWO0g8msXcbzLe+MpGoR951MlqM/2iIlU4vKDdQ==",
			"dev": true,
			"dependencies": {
				"has": "^1.0.3"
			},
			"funding": {
				"url": "https://github.com/sponsors/ljharb"
			}
		},
		"node_modules/marked": {
			"version": "2.0.3",
			"resolved": "https://registry.npmjs.org/marked/-/marked-2.0.3.tgz",
			"integrity": "sha512-5otztIIcJfPc2qGTN8cVtOJEjNJZ0jwa46INMagrYfk0EvqtRuEHLsEe0LrFS0/q+ZRKT0+kXK7P2T1AN5lWRA==",
			"dev": true,
			"bin": {
				"marked": "bin/marked"
			},
			"engines": {
				"node": ">= 8.16.2"
			}
		},
		"node_modules/mri": {
			"version": "1.1.6",
			"resolved": "https://registry.npmjs.org/mri/-/mri-1.1.6.tgz",
			"integrity": "sha512-oi1b3MfbyGa7FJMP9GmLTttni5JoICpYBRlq+x5V16fZbLsnL9N3wFqqIm/nIG43FjUFkFh9Epzp/kzUGUnJxQ==",
			"dev": true,
			"engines": {
				"node": ">=4"
			}
		},
		"node_modules/ms": {
			"version": "2.1.2",
			"resolved": "https://registry.npmjs.org/ms/-/ms-2.1.2.tgz",
			"integrity": "sha512-sGkPx+VjMtmA6MX27oA4FBFELFCZZ4S4XqeGOXCv68tT+jb3vk/RyaKWP0PTKyWtmLSM0b+adUTEvbs1PEaH2w==",
			"dev": true
		},
		"node_modules/nanoid": {
			"version": "3.1.22",
			"resolved": "https://registry.npmjs.org/nanoid/-/nanoid-3.1.22.tgz",
			"integrity": "sha512-/2ZUaJX2ANuLtTvqTlgqBQNJoQO398KyJgZloL0PZkC0dpysjncRUPsFe3DUPzz/y3h+u7C46np8RMuvF3jsSQ==",
			"dev": true,
			"bin": {
				"nanoid": "bin/nanoid.cjs"
			},
			"engines": {
				"node": "^10 || ^12 || ^13.7 || ^14 || >=15.0.1"
			}
		},
		"node_modules/path-parse": {
			"version": "1.0.6",
			"resolved": "https://registry.npmjs.org/path-parse/-/path-parse-1.0.6.tgz",
			"integrity": "sha512-GSmOT2EbHrINBf9SR7CDELwlJ8AENk3Qn7OikK4nFYAu3Ote2+JYNVvkpAEQm3/TLNEJFD/xZJjzyxg3KBWOzw==",
			"dev": true
		},
		"node_modules/picomatch": {
			"version": "2.2.3",
			"resolved": "https://registry.npmjs.org/picomatch/-/picomatch-2.2.3.tgz",
			"integrity": "sha512-KpELjfwcCDUb9PeigTs2mBJzXUPzAuP2oPcA989He8Rte0+YUAjw1JVedDhuTKPkHjSYzMN3npC9luThGYEKdg==",
			"dev": true,
			"engines": {
				"node": ">=8.6"
			},
			"funding": {
				"url": "https://github.com/sponsors/jonschlinkert"
			}
		},
		"node_modules/postcss": {
			"version": "8.2.10",
			"resolved": "https://registry.npmjs.org/postcss/-/postcss-8.2.10.tgz",
			"integrity": "sha512-b/h7CPV7QEdrqIxtAf2j31U5ef05uBDuvoXv6L51Q4rcS1jdlXAVKJv+atCFdUXYl9dyTHGyoMzIepwowRJjFw==",
			"dev": true,
			"dependencies": {
				"colorette": "^1.2.2",
				"nanoid": "^3.1.22",
				"source-map": "^0.6.1"
			},
			"engines": {
				"node": "^10 || ^12 || >=14"
			},
			"funding": {
				"type": "opencollective",
				"url": "https://opencollective.com/postcss/"
			}
		},
		"node_modules/postcss/node_modules/source-map": {
			"version": "0.6.1",
			"resolved": "https://registry.npmjs.org/source-map/-/source-map-0.6.1.tgz",
			"integrity": "sha512-UjgapumWlbMhkBgzT7Ykc5YXUT46F0iKu8SGXq0bcwP5dz/h0Plj6enJqjz1Zbq2l5WaqYnrVbwWOWMyF3F47g==",
			"dev": true,
			"engines": {
				"node": ">=0.10.0"
			}
		},
		"node_modules/require-relative": {
			"version": "0.8.7",
			"resolved": "https://registry.npmjs.org/require-relative/-/require-relative-0.8.7.tgz",
			"integrity": "sha1-eZlTn8ngR6N5KPoZb44VY9q9Nt4=",
			"dev": true
		},
		"node_modules/resolve": {
			"version": "1.20.0",
			"resolved": "https://registry.npmjs.org/resolve/-/resolve-1.20.0.tgz",
			"integrity": "sha512-wENBPt4ySzg4ybFQW2TT1zMQucPK95HSh/nq2CFTZVOGut2+pQvSsgtda4d26YrYcr067wjbmzOG8byDPBX63A==",
			"dev": true,
			"dependencies": {
				"is-core-module": "^2.2.0",
				"path-parse": "^1.0.6"
			},
			"funding": {
				"url": "https://github.com/sponsors/ljharb"
			}
		},
		"node_modules/rollup": {
			"version": "2.45.2",
			"resolved": "https://registry.npmjs.org/rollup/-/rollup-2.45.2.tgz",
			"integrity": "sha512-kRRU7wXzFHUzBIv0GfoFFIN3m9oteY4uAsKllIpQDId5cfnkWF2J130l+27dzDju0E6MScKiV0ZM5Bw8m4blYQ==",
			"dev": true,
			"bin": {
				"rollup": "dist/bin/rollup"
			},
			"engines": {
				"node": ">=10.0.0"
			},
			"optionalDependencies": {
				"fsevents": "~2.3.1"
			}
		},
		"node_modules/sade": {
			"version": "1.7.4",
			"resolved": "https://registry.npmjs.org/sade/-/sade-1.7.4.tgz",
			"integrity": "sha512-y5yauMD93rX840MwUJr7C1ysLFBgMspsdTo4UVrDg3fXDvtwOyIqykhVAAm6fk/3au77773itJStObgK+LKaiA==",
			"dev": true,
			"dependencies": {
				"mri": "^1.1.0"
			},
			"engines": {
				"node": ">= 6"
			}
		},
		"node_modules/slash": {
			"version": "3.0.0",
			"resolved": "https://registry.npmjs.org/slash/-/slash-3.0.0.tgz",
			"integrity": "sha512-g9Q1haeby36OSStwb4ntCGGGaKsaVSjQ68fBxoQcutl5fS1vuY18H3wSt3jFyFtrkx+Kz0V1G85A4MyAdDMi2Q==",
			"dev": true,
			"engines": {
				"node": ">=8"
			}
		},
		"node_modules/source-map": {
			"version": "0.7.3",
			"resolved": "https://registry.npmjs.org/source-map/-/source-map-0.7.3.tgz",
			"integrity": "sha512-CkCj6giN3S+n9qrYiBTX5gystlENnRW5jZeNLHpe6aue+SrHcG5VYwujhW9s4dY31mEGsxBDrHR6oI69fTXsaQ==",
			"dev": true,
			"engines": {
				"node": ">= 8"
			}
		},
		"node_modules/supports-color": {
			"version": "7.2.0",
			"resolved": "https://registry.npmjs.org/supports-color/-/supports-color-7.2.0.tgz",
			"integrity": "sha512-qpCAvRl9stuOHveKsn7HncJRvv501qIacKzQlO/+Lwxc9+0q2wLyv4Dfvt80/DPn2pqOBsJdDiogXGR9+OvwRw==",
			"dev": true,
			"dependencies": {
				"has-flag": "^4.0.0"
			},
			"engines": {
				"node": ">=8"
			}
		},
		"node_modules/svelte": {
			"version": "3.37.0",
			"resolved": "https://registry.npmjs.org/svelte/-/svelte-3.37.0.tgz",
			"integrity": "sha512-TRF30F4W4+d+Jr2KzUUL1j8Mrpns/WM/WacxYlo5MMb2E5Qy2Pk1Guj6GylxsW9OnKQl1tnF8q3hG/hQ3h6VUA==",
			"dev": true,
			"engines": {
				"node": ">= 8"
			}
		},
		"node_modules/svelte-hmr": {
			"version": "0.14.0",
			"resolved": "https://registry.npmjs.org/svelte-hmr/-/svelte-hmr-0.14.0.tgz",
			"integrity": "sha512-Rc4w11U+U30m/cHqOJ/xioFSEAY5fd5muiQC7FL6XJuJAuB2OIJoEZl3KEJR2uO1/f4Bw0PdrugtbxcngSsOtQ==",
			"dev": true,
			"peerDependencies": {
				"svelte": ">=3.19.0"
			}
		},
		"node_modules/toml": {
			"version": "3.0.0",
			"resolved": "https://registry.npmjs.org/toml/-/toml-3.0.0.tgz",
			"integrity": "sha512-y/mWCZinnvxjTKYhJ+pYxwD0mRLVvOtdS2Awbgxln6iEnt4rk0yBxeSBHkGJcPucRiG0e55mwWp+g/05rsrd6w==",
			"dev": true
		},
		"node_modules/vite": {
			"version": "2.1.5",
			"resolved": "https://registry.npmjs.org/vite/-/vite-2.1.5.tgz",
			"integrity": "sha512-tYU5iaYeUgQYvK/CNNz3tiJ8vYqPWfCE9IQ7K0iuzYovWw7lzty7KRYGWwV3CQPh0NKxWjOczAqiJsCL0Xb+Og==",
			"dev": true,
			"dependencies": {
				"esbuild": "^0.9.3",
				"postcss": "^8.2.1",
				"resolve": "^1.19.0",
				"rollup": "^2.38.5"
			},
			"bin": {
				"vite": "bin/vite.js"
			},
			"engines": {
				"node": ">=12.0.0"
			},
			"optionalDependencies": {
				"fsevents": "~2.3.1"
			}
		},
		"node_modules/vite/node_modules/esbuild": {
			"version": "0.9.7",
			"resolved": "https://registry.npmjs.org/esbuild/-/esbuild-0.9.7.tgz",
			"integrity": "sha512-VtUf6aQ89VTmMLKrWHYG50uByMF4JQlVysb8dmg6cOgW8JnFCipmz7p+HNBl+RR3LLCuBxFGVauAe2wfnF9bLg==",
			"dev": true,
			"hasInstallScript": true,
			"bin": {
				"esbuild": "bin/esbuild"
			}
		}
	},
	"dependencies": {
		"@rollup/pluginutils": {
			"version": "4.1.0",
			"resolved": "https://registry.npmjs.org/@rollup/pluginutils/-/pluginutils-4.1.0.tgz",
			"integrity": "sha512-TrBhfJkFxA+ER+ew2U2/fHbebhLT/l/2pRk0hfj9KusXUuRXd2v0R58AfaZK9VXDQ4TogOSEmICVrQAA3zFnHQ==",
			"dev": true,
			"requires": {
				"estree-walker": "^2.0.1",
				"picomatch": "^2.2.2"
			}
		},
		"@sveltejs/adapter-netlify": {
			"version": "1.0.0-next.8",
			"resolved": "https://registry.npmjs.org/@sveltejs/adapter-netlify/-/adapter-netlify-1.0.0-next.8.tgz",
			"integrity": "sha512-44WQ3f2za31WI+OVYrDOglY1Co1AL+wMh4GWtXQRJRZZ/2Xlfxvro/5m86NJdbOrjdeTRXGM42TZY+gqerbJKQ==",
			"dev": true,
			"requires": {
				"@sveltejs/kit": "1.0.0-next.81",
				"esbuild": "^0.11.12",
				"toml": "^3.0.0"
			}
		},
		"@sveltejs/adapter-vercel": {
			"version": "1.0.0-next.13",
			"resolved": "https://registry.npmjs.org/@sveltejs/adapter-vercel/-/adapter-vercel-1.0.0-next.13.tgz",
			"integrity": "sha512-7/DvjGBW+ldK80E7TsIB3Vpo6QmhdKK1+6pnN3/HrB1Uc+12sxvI76sXQGV0qhcJR3wUdXlHed3p8A8TSx1RhA==",
			"dev": true,
			"requires": {
				"@sveltejs/kit": "1.0.0-next.81",
				"esbuild": "^0.11.12"
			}
		},
		"@sveltejs/kit": {
			"version": "1.0.0-next.81",
			"resolved": "https://registry.npmjs.org/@sveltejs/kit/-/kit-1.0.0-next.81.tgz",
			"integrity": "sha512-v1CxkLYX3xXRdihvpiOOuQs2MZa/f3ENZKeX7sMYDKQ0MzRpmrhzmplVukYD+fZHYUFjMj+yKYPMhOpC/p3ckQ==",
			"dev": true,
			"requires": {
				"@sveltejs/vite-plugin-svelte": "^1.0.0-next.7",
				"cheap-watch": "^1.0.3",
				"sade": "^1.7.4"
			}
		},
		"@sveltejs/vite-plugin-svelte": {
			"version": "1.0.0-next.7",
			"resolved": "https://registry.npmjs.org/@sveltejs/vite-plugin-svelte/-/vite-plugin-svelte-1.0.0-next.7.tgz",
			"integrity": "sha512-ENvKYY36jrvFP7h1G87k5uOoEh5UM1m8n40J2duqV/R3wHnxfW81SCR1aXo+5CVU8Prm3/jtS4TWs8CUTqO1fw==",
			"dev": true,
			"requires": {
				"@rollup/pluginutils": "^4.1.0",
				"chalk": "^4.1.0",
				"debug": "^4.3.2",
				"hash-sum": "^2.0.0",
				"require-relative": "^0.8.7",
				"slash": "^3.0.0",
				"source-map": "^0.7.3",
				"svelte-hmr": "^0.14.0"
			}
		},
		"ansi-styles": {
			"version": "4.3.0",
			"resolved": "https://registry.npmjs.org/ansi-styles/-/ansi-styles-4.3.0.tgz",
			"integrity": "sha512-zbB9rCJAT1rbjiVDb2hqKFHNYLxgtk8NURxZ3IZwD3F6NtxbXZQCnnSi1Lkx+IDohdPlFp222wVALIheZJQSEg==",
			"dev": true,
			"requires": {
				"color-convert": "^2.0.1"
			}
		},
		"chalk": {
			"version": "4.1.0",
			"resolved": "https://registry.npmjs.org/chalk/-/chalk-4.1.0.tgz",
			"integrity": "sha512-qwx12AxXe2Q5xQ43Ac//I6v5aXTipYrSESdOgzrN+9XjgEpyjpKuvSGaN4qE93f7TQTlerQQ8S+EQ0EyDoVL1A==",
			"dev": true,
			"requires": {
				"ansi-styles": "^4.1.0",
				"supports-color": "^7.1.0"
			}
		},
		"cheap-watch": {
			"version": "1.0.3",
			"resolved": "https://registry.npmjs.org/cheap-watch/-/cheap-watch-1.0.3.tgz",
			"integrity": "sha512-xC5CruMhLzjPwJ5ecUxGu1uGmwJQykUhqd2QrCrYbwvsFYdRyviu6jG9+pccwDXJR/OpmOTOJ9yLFunVgQu9wg==",
			"dev": true
		},
		"color-convert": {
			"version": "2.0.1",
			"resolved": "https://registry.npmjs.org/color-convert/-/color-convert-2.0.1.tgz",
			"integrity": "sha512-RRECPsj7iu/xb5oKYcsFHSppFNnsj/52OVTRKb4zP5onXwVF3zVmmToNcOfGC+CRDpfK/U584fMg38ZHCaElKQ==",
			"dev": true,
			"requires": {
				"color-name": "~1.1.4"
			}
		},
		"color-name": {
			"version": "1.1.4",
			"resolved": "https://registry.npmjs.org/color-name/-/color-name-1.1.4.tgz",
			"integrity": "sha512-dOy+3AuW3a2wNbZHIuMZpTcgjGuLU/uBL/ubcZF9OXbDo8ff4O8yVp5Bf0efS8uEoYo5q4Fx7dY9OgQGXgAsQA==",
			"dev": true
		},
		"colorette": {
			"version": "1.2.2",
			"resolved": "https://registry.npmjs.org/colorette/-/colorette-1.2.2.tgz",
			"integrity": "sha512-MKGMzyfeuutC/ZJ1cba9NqcNpfeqMUcYmyF1ZFY6/Cn7CNSAKx6a+s48sqLqyAiZuaP2TcqMhoo+dlwFnVxT9w==",
			"dev": true
		},
		"cookie": {
			"version": "0.4.1",
			"resolved": "https://registry.npmjs.org/cookie/-/cookie-0.4.1.tgz",
			"integrity": "sha512-ZwrFkGJxUR3EIoXtO+yVE69Eb7KlixbaeAWfBQB9vVsNn/o+Yw69gBWSSDK825hQNdN+wF8zELf3dFNl/kxkUA=="
		},
		"debug": {
			"version": "4.3.2",
			"resolved": "https://registry.npmjs.org/debug/-/debug-4.3.2.tgz",
			"integrity": "sha512-mOp8wKcvj7XxC78zLgw/ZA+6TSgkoE2C/ienthhRD298T7UNwAg9diBpLRxC0mOezLl4B0xV7M0cCO6P/O0Xhw==",
			"dev": true,
			"requires": {
				"ms": "2.1.2"
			}
		},
		"esbuild": {
			"version": "0.11.12",
			"resolved": "https://registry.npmjs.org/esbuild/-/esbuild-0.11.12.tgz",
			"integrity": "sha512-c8cso/1RwVj+fbDvLtUgSG4ZJQ0y9Zdrl6Ot/GAjyy4pdMCHaFnDMts5gqFnWRPLajWtEnI+3hlET4R9fVoZng==",
			"dev": true
		},
		"estree-walker": {
			"version": "2.0.2",
			"resolved": "https://registry.npmjs.org/estree-walker/-/estree-walker-2.0.2.tgz",
			"integrity": "sha512-Rfkk/Mp/DL7JVje3u18FxFujQlTNR2q6QfMSMB7AvCBx91NGj/ba3kCfza0f6dVDbw7YlRf/nDrn7pQrCCyQ/w==",
			"dev": true
		},
		"fsevents": {
			"version": "2.3.2",
			"resolved": "https://registry.npmjs.org/fsevents/-/fsevents-2.3.2.tgz",
			"integrity": "sha512-xiqMQR4xAeHTuB9uWm+fFRcIOgKBMiOBP+eXiyT7jsgVCq1bkVygt00oASowB7EdtpOHaaPgKt812P9ab+DDKA==",
			"dev": true,
			"optional": true
		},
		"function-bind": {
			"version": "1.1.1",
			"resolved": "https://registry.npmjs.org/function-bind/-/function-bind-1.1.1.tgz",
			"integrity": "sha512-yIovAzMX49sF8Yl58fSCWJ5svSLuaibPxXQJFLmBObTuCr0Mf1KiPopGM9NiFjiYBCbfaa2Fh6breQ6ANVTI0A==",
			"dev": true
		},
		"has": {
			"version": "1.0.3",
			"resolved": "https://registry.npmjs.org/has/-/has-1.0.3.tgz",
			"integrity": "sha512-f2dvO0VU6Oej7RkWJGrehjbzMAjFp5/VKPp5tTpWIV4JHHZK1/BxbFRtf/siA2SWTe09caDmVtYYzWEIbBS4zw==",
			"dev": true,
			"requires": {
				"function-bind": "^1.1.1"
			}
		},
		"has-flag": {
			"version": "4.0.0",
			"resolved": "https://registry.npmjs.org/has-flag/-/has-flag-4.0.0.tgz",
			"integrity": "sha512-EykJT/Q1KjTWctppgIAgfSO0tKVuZUjhgMr17kqTumMl6Afv3EISleU7qZUzoXDFTAHTDC4NOoG/ZxU3EvlMPQ==",
			"dev": true
		},
		"hash-sum": {
			"version": "2.0.0",
			"resolved": "https://registry.npmjs.org/hash-sum/-/hash-sum-2.0.0.tgz",
			"integrity": "sha512-WdZTbAByD+pHfl/g9QSsBIIwy8IT+EsPiKDs0KNX+zSHhdDLFKdZu0BQHljvO+0QI/BasbMSUa8wYNCZTvhslg==",
			"dev": true
		},
		"is-core-module": {
			"version": "2.2.0",
			"resolved": "https://registry.npmjs.org/is-core-module/-/is-core-module-2.2.0.tgz",
			"integrity": "sha512-XRAfAdyyY5F5cOXn7hYQDqh2Xmii+DEfIcQGxK/uNwMHhIkPWO0g8msXcbzLe+MpGoR951MlqM/2iIlU4vKDdQ==",
			"dev": true,
			"requires": {
				"has": "^1.0.3"
			}
		},
		"marked": {
			"version": "2.0.3",
			"resolved": "https://registry.npmjs.org/marked/-/marked-2.0.3.tgz",
			"integrity": "sha512-5otztIIcJfPc2qGTN8cVtOJEjNJZ0jwa46INMagrYfk0EvqtRuEHLsEe0LrFS0/q+ZRKT0+kXK7P2T1AN5lWRA==",
			"dev": true
		},
		"mri": {
			"version": "1.1.6",
			"resolved": "https://registry.npmjs.org/mri/-/mri-1.1.6.tgz",
			"integrity": "sha512-oi1b3MfbyGa7FJMP9GmLTttni5JoICpYBRlq+x5V16fZbLsnL9N3wFqqIm/nIG43FjUFkFh9Epzp/kzUGUnJxQ==",
			"dev": true
		},
		"ms": {
			"version": "2.1.2",
			"resolved": "https://registry.npmjs.org/ms/-/ms-2.1.2.tgz",
			"integrity": "sha512-sGkPx+VjMtmA6MX27oA4FBFELFCZZ4S4XqeGOXCv68tT+jb3vk/RyaKWP0PTKyWtmLSM0b+adUTEvbs1PEaH2w==",
			"dev": true
		},
		"nanoid": {
			"version": "3.1.22",
			"resolved": "https://registry.npmjs.org/nanoid/-/nanoid-3.1.22.tgz",
			"integrity": "sha512-/2ZUaJX2ANuLtTvqTlgqBQNJoQO398KyJgZloL0PZkC0dpysjncRUPsFe3DUPzz/y3h+u7C46np8RMuvF3jsSQ==",
			"dev": true
		},
		"path-parse": {
			"version": "1.0.6",
			"resolved": "https://registry.npmjs.org/path-parse/-/path-parse-1.0.6.tgz",
			"integrity": "sha512-GSmOT2EbHrINBf9SR7CDELwlJ8AENk3Qn7OikK4nFYAu3Ote2+JYNVvkpAEQm3/TLNEJFD/xZJjzyxg3KBWOzw==",
			"dev": true
		},
		"picomatch": {
			"version": "2.2.3",
			"resolved": "https://registry.npmjs.org/picomatch/-/picomatch-2.2.3.tgz",
			"integrity": "sha512-KpELjfwcCDUb9PeigTs2mBJzXUPzAuP2oPcA989He8Rte0+YUAjw1JVedDhuTKPkHjSYzMN3npC9luThGYEKdg==",
			"dev": true
		},
		"postcss": {
			"version": "8.2.10",
			"resolved": "https://registry.npmjs.org/postcss/-/postcss-8.2.10.tgz",
			"integrity": "sha512-b/h7CPV7QEdrqIxtAf2j31U5ef05uBDuvoXv6L51Q4rcS1jdlXAVKJv+atCFdUXYl9dyTHGyoMzIepwowRJjFw==",
			"dev": true,
			"requires": {
				"colorette": "^1.2.2",
				"nanoid": "^3.1.22",
				"source-map": "^0.6.1"
			},
			"dependencies": {
				"source-map": {
					"version": "0.6.1",
					"resolved": "https://registry.npmjs.org/source-map/-/source-map-0.6.1.tgz",
					"integrity": "sha512-UjgapumWlbMhkBgzT7Ykc5YXUT46F0iKu8SGXq0bcwP5dz/h0Plj6enJqjz1Zbq2l5WaqYnrVbwWOWMyF3F47g==",
					"dev": true
				}
			}
		},
		"require-relative": {
			"version": "0.8.7",
			"resolved": "https://registry.npmjs.org/require-relative/-/require-relative-0.8.7.tgz",
			"integrity": "sha1-eZlTn8ngR6N5KPoZb44VY9q9Nt4=",
			"dev": true
		},
		"resolve": {
			"version": "1.20.0",
			"resolved": "https://registry.npmjs.org/resolve/-/resolve-1.20.0.tgz",
			"integrity": "sha512-wENBPt4ySzg4ybFQW2TT1zMQucPK95HSh/nq2CFTZVOGut2+pQvSsgtda4d26YrYcr067wjbmzOG8byDPBX63A==",
			"dev": true,
			"requires": {
				"is-core-module": "^2.2.0",
				"path-parse": "^1.0.6"
			}
		},
		"rollup": {
			"version": "2.45.2",
			"resolved": "https://registry.npmjs.org/rollup/-/rollup-2.45.2.tgz",
			"integrity": "sha512-kRRU7wXzFHUzBIv0GfoFFIN3m9oteY4uAsKllIpQDId5cfnkWF2J130l+27dzDju0E6MScKiV0ZM5Bw8m4blYQ==",
			"dev": true,
			"requires": {
				"fsevents": "~2.3.1"
			}
		},
		"sade": {
			"version": "1.7.4",
			"resolved": "https://registry.npmjs.org/sade/-/sade-1.7.4.tgz",
			"integrity": "sha512-y5yauMD93rX840MwUJr7C1ysLFBgMspsdTo4UVrDg3fXDvtwOyIqykhVAAm6fk/3au77773itJStObgK+LKaiA==",
			"dev": true,
			"requires": {
				"mri": "^1.1.0"
			}
		},
		"slash": {
			"version": "3.0.0",
			"resolved": "https://registry.npmjs.org/slash/-/slash-3.0.0.tgz",
			"integrity": "sha512-g9Q1haeby36OSStwb4ntCGGGaKsaVSjQ68fBxoQcutl5fS1vuY18H3wSt3jFyFtrkx+Kz0V1G85A4MyAdDMi2Q==",
			"dev": true
		},
		"source-map": {
			"version": "0.7.3",
			"resolved": "https://registry.npmjs.org/source-map/-/source-map-0.7.3.tgz",
			"integrity": "sha512-CkCj6giN3S+n9qrYiBTX5gystlENnRW5jZeNLHpe6aue+SrHcG5VYwujhW9s4dY31mEGsxBDrHR6oI69fTXsaQ==",
			"dev": true
		},
		"supports-color": {
			"version": "7.2.0",
			"resolved": "https://registry.npmjs.org/supports-color/-/supports-color-7.2.0.tgz",
			"integrity": "sha512-qpCAvRl9stuOHveKsn7HncJRvv501qIacKzQlO/+Lwxc9+0q2wLyv4Dfvt80/DPn2pqOBsJdDiogXGR9+OvwRw==",
			"dev": true,
			"requires": {
				"has-flag": "^4.0.0"
			}
		},
		"svelte": {
			"version": "3.37.0",
			"resolved": "https://registry.npmjs.org/svelte/-/svelte-3.37.0.tgz",
			"integrity": "sha512-TRF30F4W4+d+Jr2KzUUL1j8Mrpns/WM/WacxYlo5MMb2E5Qy2Pk1Guj6GylxsW9OnKQl1tnF8q3hG/hQ3h6VUA==",
			"dev": true
		},
		"svelte-hmr": {
			"version": "0.14.0",
			"resolved": "https://registry.npmjs.org/svelte-hmr/-/svelte-hmr-0.14.0.tgz",
			"integrity": "sha512-Rc4w11U+U30m/cHqOJ/xioFSEAY5fd5muiQC7FL6XJuJAuB2OIJoEZl3KEJR2uO1/f4Bw0PdrugtbxcngSsOtQ==",
			"dev": true,
			"requires": {}
		},
		"toml": {
			"version": "3.0.0",
			"resolved": "https://registry.npmjs.org/toml/-/toml-3.0.0.tgz",
			"integrity": "sha512-y/mWCZinnvxjTKYhJ+pYxwD0mRLVvOtdS2Awbgxln6iEnt4rk0yBxeSBHkGJcPucRiG0e55mwWp+g/05rsrd6w==",
			"dev": true
		},
		"vite": {
			"version": "2.1.5",
			"resolved": "https://registry.npmjs.org/vite/-/vite-2.1.5.tgz",
			"integrity": "sha512-tYU5iaYeUgQYvK/CNNz3tiJ8vYqPWfCE9IQ7K0iuzYovWw7lzty7KRYGWwV3CQPh0NKxWjOczAqiJsCL0Xb+Og==",
			"dev": true,
			"requires": {
				"esbuild": "^0.9.3",
				"fsevents": "~2.3.1",
				"postcss": "^8.2.1",
				"resolve": "^1.19.0",
				"rollup": "^2.38.5"
			},
			"dependencies": {
				"esbuild": {
					"version": "0.9.7",
					"resolved": "https://registry.npmjs.org/esbuild/-/esbuild-0.9.7.tgz",
					"integrity": "sha512-VtUf6aQ89VTmMLKrWHYG50uByMF4JQlVysb8dmg6cOgW8JnFCipmz7p+HNBl+RR3LLCuBxFGVauAe2wfnF9bLg==",
					"dev": true
				}
			}
		}
	}
}
