lockfileVersion: '9.0'

settings:
  autoInstallPeers: true
  excludeLinksFromLockfile: false

importers:

  .:
    devDependencies:
      '@sveltejs/adapter-vercel':
        specifier: ^6.3.2
        version: 6.3.2(@sveltejs/kit@2.52.2(@sveltejs/vite-plugin-svelte@6.2.1(svelte@5.53.5)(vite@7.1.12))(svelte@5.53.5)(typescript@5.9.3)(vite@7.1.12))(rollup@4.52.5)
      '@sveltejs/kit':
        specifier: ^2.52.2
        version: 2.52.2(@sveltejs/vite-plugin-svelte@6.2.1(svelte@5.53.5)(vite@7.1.12))(svelte@5.53.5)(typescript@5.9.3)(vite@7.1.12)
      '@sveltejs/vite-plugin-svelte':
        specifier: ^6.2.1
        version: 6.2.1(svelte@5.53.5)(vite@7.1.12)
      marked:
        specifier: ^16.4.1
        version: 16.4.1
      prettier:
        specifier: ^3.6.2
        version: 3.6.2
      prettier-plugin-svelte:
        specifier: ^3.4.0
        version: 3.4.0(prettier@3.6.2)(svelte@5.53.5)
      sanitize-html:
        specifier: ^2.17.0
        version: 2.17.0
      svelte:
        specifier: ^5.53.5
        version: 5.53.5
      typescript:
        specifier: ^5.9.3
        version: 5.9.3
      vite:
        specifier: ^7.1.12
        version: 7.1.12

packages:

  '@esbuild/aix-ppc64@0.25.12':
    resolution: {integrity: sha512-Hhmwd6CInZ3dwpuGTF8fJG6yoWmsToE+vYgD4nytZVxcu1ulHpUQRAB1UJ8+N1Am3Mz4+xOByoQoSZf4D+CpkA==}
    engines: {node: '>=18'}
    cpu: [ppc64]
    os: [aix]

  '@esbuild/android-arm64@0.25.12':
    resolution: {integrity: sha512-6AAmLG7zwD1Z159jCKPvAxZd4y/VTO0VkprYy+3N2FtJ8+BQWFXU+OxARIwA46c5tdD9SsKGZ/1ocqBS/gAKHg==}
    engines: {node: '>=18'}
    cpu: [arm64]
    os: [android]

  '@esbuild/android-arm@0.25.12':
    resolution: {integrity: sha512-VJ+sKvNA/GE7Ccacc9Cha7bpS8nyzVv0jdVgwNDaR4gDMC/2TTRc33Ip8qrNYUcpkOHUT5OZ0bUcNNVZQ9RLlg==}
    engines: {node: '>=18'}
    cpu: [arm]
    os: [android]

  '@esbuild/android-x64@0.25.12':
    resolution: {integrity: sha512-5jbb+2hhDHx5phYR2By8GTWEzn6I9UqR11Kwf22iKbNpYrsmRB18aX/9ivc5cabcUiAT/wM+YIZ6SG9QO6a8kg==}
    engines: {node: '>=18'}
    cpu: [x64]
    os: [android]

  '@esbuild/darwin-arm64@0.25.12':
    resolution: {integrity: sha512-N3zl+lxHCifgIlcMUP5016ESkeQjLj/959RxxNYIthIg+CQHInujFuXeWbWMgnTo4cp5XVHqFPmpyu9J65C1Yg==}
    engines: {node: '>=18'}
    cpu: [arm64]
    os: [darwin]

  '@esbuild/darwin-x64@0.25.12':
    resolution: {integrity: sha512-HQ9ka4Kx21qHXwtlTUVbKJOAnmG1ipXhdWTmNXiPzPfWKpXqASVcWdnf2bnL73wgjNrFXAa3yYvBSd9pzfEIpA==}
    engines: {node: '>=18'}
    cpu: [x64]
    os: [darwin]

  '@esbuild/freebsd-arm64@0.25.12':
    resolution: {integrity: sha512-gA0Bx759+7Jve03K1S0vkOu5Lg/85dou3EseOGUes8flVOGxbhDDh/iZaoek11Y8mtyKPGF3vP8XhnkDEAmzeg==}
    engines: {node: '>=18'}
    cpu: [arm64]
    os: [freebsd]

  '@esbuild/freebsd-x64@0.25.12':
    resolution: {integrity: sha512-TGbO26Yw2xsHzxtbVFGEXBFH0FRAP7gtcPE7P5yP7wGy7cXK2oO7RyOhL5NLiqTlBh47XhmIUXuGciXEqYFfBQ==}
    engines: {node: '>=18'}
    cpu: [x64]
    os: [freebsd]

  '@esbuild/linux-arm64@0.25.12':
    resolution: {integrity: sha512-8bwX7a8FghIgrupcxb4aUmYDLp8pX06rGh5HqDT7bB+8Rdells6mHvrFHHW2JAOPZUbnjUpKTLg6ECyzvas2AQ==}
    engines: {node: '>=18'}
    cpu: [arm64]
    os: [linux]

  '@esbuild/linux-arm@0.25.12':
    resolution: {integrity: sha512-lPDGyC1JPDou8kGcywY0YILzWlhhnRjdof3UlcoqYmS9El818LLfJJc3PXXgZHrHCAKs/Z2SeZtDJr5MrkxtOw==}
    engines: {node: '>=18'}
    cpu: [arm]
    os: [linux]

  '@esbuild/linux-ia32@0.25.12':
    resolution: {integrity: sha512-0y9KrdVnbMM2/vG8KfU0byhUN+EFCny9+8g202gYqSSVMonbsCfLjUO+rCci7pM0WBEtz+oK/PIwHkzxkyharA==}
    engines: {node: '>=18'}
    cpu: [ia32]
    os: [linux]

  '@esbuild/linux-loong64@0.25.12':
    resolution: {integrity: sha512-h///Lr5a9rib/v1GGqXVGzjL4TMvVTv+s1DPoxQdz7l/AYv6LDSxdIwzxkrPW438oUXiDtwM10o9PmwS/6Z0Ng==}
    engines: {node: '>=18'}
    cpu: [loong64]
    os: [linux]

  '@esbuild/linux-mips64el@0.25.12':
    resolution: {integrity: sha512-iyRrM1Pzy9GFMDLsXn1iHUm18nhKnNMWscjmp4+hpafcZjrr2WbT//d20xaGljXDBYHqRcl8HnxbX6uaA/eGVw==}
    engines: {node: '>=18'}
    cpu: [mips64el]
    os: [linux]

  '@esbuild/linux-ppc64@0.25.12':
    resolution: {integrity: sha512-9meM/lRXxMi5PSUqEXRCtVjEZBGwB7P/D4yT8UG/mwIdze2aV4Vo6U5gD3+RsoHXKkHCfSxZKzmDssVlRj1QQA==}
    engines: {node: '>=18'}
    cpu: [ppc64]
    os: [linux]

  '@esbuild/linux-riscv64@0.25.12':
    resolution: {integrity: sha512-Zr7KR4hgKUpWAwb1f3o5ygT04MzqVrGEGXGLnj15YQDJErYu/BGg+wmFlIDOdJp0PmB0lLvxFIOXZgFRrdjR0w==}
    engines: {node: '>=18'}
    cpu: [riscv64]
    os: [linux]

  '@esbuild/linux-s390x@0.25.12':
    resolution: {integrity: sha512-MsKncOcgTNvdtiISc/jZs/Zf8d0cl/t3gYWX8J9ubBnVOwlk65UIEEvgBORTiljloIWnBzLs4qhzPkJcitIzIg==}
    engines: {node: '>=18'}
    cpu: [s390x]
    os: [linux]

  '@esbuild/linux-x64@0.25.12':
    resolution: {integrity: sha512-uqZMTLr/zR/ed4jIGnwSLkaHmPjOjJvnm6TVVitAa08SLS9Z0VM8wIRx7gWbJB5/J54YuIMInDquWyYvQLZkgw==}
    engines: {node: '>=18'}
    cpu: [x64]
    os: [linux]

  '@esbuild/netbsd-arm64@0.25.12':
    resolution: {integrity: sha512-xXwcTq4GhRM7J9A8Gv5boanHhRa/Q9KLVmcyXHCTaM4wKfIpWkdXiMog/KsnxzJ0A1+nD+zoecuzqPmCRyBGjg==}
    engines: {node: '>=18'}
    cpu: [arm64]
    os: [netbsd]

  '@esbuild/netbsd-x64@0.25.12':
    resolution: {integrity: sha512-Ld5pTlzPy3YwGec4OuHh1aCVCRvOXdH8DgRjfDy/oumVovmuSzWfnSJg+VtakB9Cm0gxNO9BzWkj6mtO1FMXkQ==}
    engines: {node: '>=18'}
    cpu: [x64]
    os: [netbsd]

  '@esbuild/openbsd-arm64@0.25.12':
    resolution: {integrity: sha512-fF96T6KsBo/pkQI950FARU9apGNTSlZGsv1jZBAlcLL1MLjLNIWPBkj5NlSz8aAzYKg+eNqknrUJ24QBybeR5A==}
    engines: {node: '>=18'}
    cpu: [arm64]
    os: [openbsd]

  '@esbuild/openbsd-x64@0.25.12':
    resolution: {integrity: sha512-MZyXUkZHjQxUvzK7rN8DJ3SRmrVrke8ZyRusHlP+kuwqTcfWLyqMOE3sScPPyeIXN/mDJIfGXvcMqCgYKekoQw==}
    engines: {node: '>=18'}
    cpu: [x64]
    os: [openbsd]

  '@esbuild/openharmony-arm64@0.25.12':
    resolution: {integrity: sha512-rm0YWsqUSRrjncSXGA7Zv78Nbnw4XL6/dzr20cyrQf7ZmRcsovpcRBdhD43Nuk3y7XIoW2OxMVvwuRvk9XdASg==}
    engines: {node: '>=18'}
    cpu: [arm64]
    os: [openharmony]

  '@esbuild/sunos-x64@0.25.12':
    resolution: {integrity: sha512-3wGSCDyuTHQUzt0nV7bocDy72r2lI33QL3gkDNGkod22EsYl04sMf0qLb8luNKTOmgF/eDEDP5BFNwoBKH441w==}
    engines: {node: '>=18'}
    cpu: [x64]
    os: [sunos]

  '@esbuild/win32-arm64@0.25.12':
    resolution: {integrity: sha512-rMmLrur64A7+DKlnSuwqUdRKyd3UE7oPJZmnljqEptesKM8wx9J8gx5u0+9Pq0fQQW8vqeKebwNXdfOyP+8Bsg==}
    engines: {node: '>=18'}
    cpu: [arm64]
    os: [win32]

  '@esbuild/win32-ia32@0.25.12':
    resolution: {integrity: sha512-HkqnmmBoCbCwxUKKNPBixiWDGCpQGVsrQfJoVGYLPT41XWF8lHuE5N6WhVia2n4o5QK5M4tYr21827fNhi4byQ==}
    engines: {node: '>=18'}
    cpu: [ia32]
    os: [win32]

  '@esbuild/win32-x64@0.25.12':
    resolution: {integrity: sha512-alJC0uCZpTFrSL0CCDjcgleBXPnCrEAhTBILpeAp7M/OFgoqtAetfBzX0xM00MUsVVPpVjlPuMbREqnZCXaTnA==}
    engines: {node: '>=18'}
    cpu: [x64]
    os: [win32]

  '@isaacs/fs-minipass@4.0.1':
    resolution: {integrity: sha512-wgm9Ehl2jpeqP3zw/7mo3kRHFp5MEDhqAdwy1fTGkHAwnkGOVsgpvQhL8B5n1qlb01jV3n/bI0ZfZp5lWA1k4w==}
    engines: {node: '>=18.0.0'}

  '@jridgewell/gen-mapping@0.3.13':
    resolution: {integrity: sha512-2kkt/7niJ6MgEPxF0bYdQ6etZaA+fQvDcLKckhy1yIQOzaoKjBBjSj63/aLVjYE3qhRt5dvM+uUyfCg6UKCBbA==}

  '@jridgewell/remapping@2.3.5':
    resolution: {integrity: sha512-LI9u/+laYG4Ds1TDKSJW2YPrIlcVYOwi2fUC6xB43lueCjgxV4lffOCZCtYFiH6TNOX+tQKXx97T4IKHbhyHEQ==}

  '@jridgewell/resolve-uri@3.1.2':
    resolution: {integrity: sha512-bRISgCIjP20/tbWSPWMEi54QVPRZExkuD9lJL+UIxUKtwVJA8wW1Trb1jMs1RFXo1CBTNZ/5hpC9QvmKWdopKw==}
    engines: {node: '>=6.0.0'}

  '@jridgewell/sourcemap-codec@1.5.5':
    resolution: {integrity: sha512-cYQ9310grqxueWbl+WuIUIaiUaDcj7WOq5fVhEljNVgRfOUhY9fy2zTvfoqWsnebh8Sl70VScFbICvJnLKB0Og==}

  '@jridgewell/trace-mapping@0.3.31':
    resolution: {integrity: sha512-zzNR+SdQSDJzc8joaeP8QQoCQr8NuYx2dIIytl1QeBEZHJ9uW6hebsrYgbz8hJwUQao3TWCMtmfV8Nu1twOLAw==}

  '@mapbox/node-pre-gyp@2.0.3':
    resolution: {integrity: sha512-uwPAhccfFJlsfCxMYTwOdVfOz3xqyj8xYL3zJj8f0pb30tLohnnFPhLuqp4/qoEz8sNxe4SESZedcBojRefIzg==}
    engines: {node: '>=18'}
    hasBin: true

  '@polka/url@1.0.0-next.29':
    resolution: {integrity: sha512-wwQAWhWSuHaag8c4q/KN/vCoeOJYshAIvMQwD4GpSb3OiZklFfvAgmj0VCBBImRpuF/aFgIRzllXlVX93Jevww==}

  '@rollup/pluginutils@5.3.0':
    resolution: {integrity: sha512-5EdhGZtnu3V88ces7s53hhfK5KSASnJZv8Lulpc04cWO3REESroJXg73DFsOmgbU2BhwV0E20bu2IDZb3VKW4Q==}
    engines: {node: '>=14.0.0'}
    peerDependencies:
      rollup: ^1.20.0||^2.0.0||^3.0.0||^4.0.0
    peerDependenciesMeta:
      rollup:
        optional: true

  '@rollup/rollup-android-arm-eabi@4.52.5':
    resolution: {integrity: sha512-8c1vW4ocv3UOMp9K+gToY5zL2XiiVw3k7f1ksf4yO1FlDFQ1C2u72iACFnSOceJFsWskc2WZNqeRhFRPzv+wtQ==}
    cpu: [arm]
    os: [android]

  '@rollup/rollup-android-arm64@4.52.5':
    resolution: {integrity: sha512-mQGfsIEFcu21mvqkEKKu2dYmtuSZOBMmAl5CFlPGLY94Vlcm+zWApK7F/eocsNzp8tKmbeBP8yXyAbx0XHsFNA==}
    cpu: [arm64]
    os: [android]

  '@rollup/rollup-darwin-arm64@4.52.5':
    resolution: {integrity: sha512-takF3CR71mCAGA+v794QUZ0b6ZSrgJkArC+gUiG6LB6TQty9T0Mqh3m2ImRBOxS2IeYBo4lKWIieSvnEk2OQWA==}
    cpu: [arm64]
    os: [darwin]

  '@rollup/rollup-darwin-x64@4.52.5':
    resolution: {integrity: sha512-W901Pla8Ya95WpxDn//VF9K9u2JbocwV/v75TE0YIHNTbhqUTv9w4VuQ9MaWlNOkkEfFwkdNhXgcLqPSmHy0fA==}
    cpu: [x64]
    os: [darwin]

  '@rollup/rollup-freebsd-arm64@4.52.5':
    resolution: {integrity: sha512-QofO7i7JycsYOWxe0GFqhLmF6l1TqBswJMvICnRUjqCx8b47MTo46W8AoeQwiokAx3zVryVnxtBMcGcnX12LvA==}
    cpu: [arm64]
    os: [freebsd]

  '@rollup/rollup-freebsd-x64@4.52.5':
    resolution: {integrity: sha512-jr21b/99ew8ujZubPo9skbrItHEIE50WdV86cdSoRkKtmWa+DDr6fu2c/xyRT0F/WazZpam6kk7IHBerSL7LDQ==}
    cpu: [x64]
    os: [freebsd]

  '@rollup/rollup-linux-arm-gnueabihf@4.52.5':
    resolution: {integrity: sha512-PsNAbcyv9CcecAUagQefwX8fQn9LQ4nZkpDboBOttmyffnInRy8R8dSg6hxxl2Re5QhHBf6FYIDhIj5v982ATQ==}
    cpu: [arm]
    os: [linux]

  '@rollup/rollup-linux-arm-musleabihf@4.52.5':
    resolution: {integrity: sha512-Fw4tysRutyQc/wwkmcyoqFtJhh0u31K+Q6jYjeicsGJJ7bbEq8LwPWV/w0cnzOqR2m694/Af6hpFayLJZkG2VQ==}
    cpu: [arm]
    os: [linux]

  '@rollup/rollup-linux-arm64-gnu@4.52.5':
    resolution: {integrity: sha512-a+3wVnAYdQClOTlyapKmyI6BLPAFYs0JM8HRpgYZQO02rMR09ZcV9LbQB+NL6sljzG38869YqThrRnfPMCDtZg==}
    cpu: [arm64]
    os: [linux]

  '@rollup/rollup-linux-arm64-musl@4.52.5':
    resolution: {integrity: sha512-AvttBOMwO9Pcuuf7m9PkC1PUIKsfaAJ4AYhy944qeTJgQOqJYJ9oVl2nYgY7Rk0mkbsuOpCAYSs6wLYB2Xiw0Q==}
    cpu: [arm64]
    os: [linux]

  '@rollup/rollup-linux-loong64-gnu@4.52.5':
    resolution: {integrity: sha512-DkDk8pmXQV2wVrF6oq5tONK6UHLz/XcEVow4JTTerdeV1uqPeHxwcg7aFsfnSm9L+OO8WJsWotKM2JJPMWrQtA==}
    cpu: [loong64]
    os: [linux]

  '@rollup/rollup-linux-ppc64-gnu@4.52.5':
    resolution: {integrity: sha512-W/b9ZN/U9+hPQVvlGwjzi+Wy4xdoH2I8EjaCkMvzpI7wJUs8sWJ03Rq96jRnHkSrcHTpQe8h5Tg3ZzUPGauvAw==}
    cpu: [ppc64]
    os: [linux]

  '@rollup/rollup-linux-riscv64-gnu@4.52.5':
    resolution: {integrity: sha512-sjQLr9BW7R/ZiXnQiWPkErNfLMkkWIoCz7YMn27HldKsADEKa5WYdobaa1hmN6slu9oWQbB6/jFpJ+P2IkVrmw==}
    cpu: [riscv64]
    os: [linux]

  '@rollup/rollup-linux-riscv64-musl@4.52.5':
    resolution: {integrity: sha512-hq3jU/kGyjXWTvAh2awn8oHroCbrPm8JqM7RUpKjalIRWWXE01CQOf/tUNWNHjmbMHg/hmNCwc/Pz3k1T/j/Lg==}
    cpu: [riscv64]
    os: [linux]

  '@rollup/rollup-linux-s390x-gnu@4.52.5':
    resolution: {integrity: sha512-gn8kHOrku8D4NGHMK1Y7NA7INQTRdVOntt1OCYypZPRt6skGbddska44K8iocdpxHTMMNui5oH4elPH4QOLrFQ==}
    cpu: [s390x]
    os: [linux]

  '@rollup/rollup-linux-x64-gnu@4.52.5':
    resolution: {integrity: sha512-hXGLYpdhiNElzN770+H2nlx+jRog8TyynpTVzdlc6bndktjKWyZyiCsuDAlpd+j+W+WNqfcyAWz9HxxIGfZm1Q==}
    cpu: [x64]
    os: [linux]

  '@rollup/rollup-linux-x64-musl@4.52.5':
    resolution: {integrity: sha512-arCGIcuNKjBoKAXD+y7XomR9gY6Mw7HnFBv5Rw7wQRvwYLR7gBAgV7Mb2QTyjXfTveBNFAtPt46/36vV9STLNg==}
    cpu: [x64]
    os: [linux]

  '@rollup/rollup-openharmony-arm64@4.52.5':
    resolution: {integrity: sha512-QoFqB6+/9Rly/RiPjaomPLmR/13cgkIGfA40LHly9zcH1S0bN2HVFYk3a1eAyHQyjs3ZJYlXvIGtcCs5tko9Cw==}
    cpu: [arm64]
    os: [openharmony]

  '@rollup/rollup-win32-arm64-msvc@4.52.5':
    resolution: {integrity: sha512-w0cDWVR6MlTstla1cIfOGyl8+qb93FlAVutcor14Gf5Md5ap5ySfQ7R9S/NjNaMLSFdUnKGEasmVnu3lCMqB7w==}
    cpu: [arm64]
    os: [win32]

  '@rollup/rollup-win32-ia32-msvc@4.52.5':
    resolution: {integrity: sha512-Aufdpzp7DpOTULJCuvzqcItSGDH73pF3ko/f+ckJhxQyHtp67rHw3HMNxoIdDMUITJESNE6a8uh4Lo4SLouOUg==}
    cpu: [ia32]
    os: [win32]

  '@rollup/rollup-win32-x64-gnu@4.52.5':
    resolution: {integrity: sha512-UGBUGPFp1vkj6p8wCRraqNhqwX/4kNQPS57BCFc8wYh0g94iVIW33wJtQAx3G7vrjjNtRaxiMUylM0ktp/TRSQ==}
    cpu: [x64]
    os: [win32]

  '@rollup/rollup-win32-x64-msvc@4.52.5':
    resolution: {integrity: sha512-TAcgQh2sSkykPRWLrdyy2AiceMckNf5loITqXxFI5VuQjS5tSuw3WlwdN8qv8vzjLAUTvYaH/mVjSFpbkFbpTg==}
    cpu: [x64]
    os: [win32]

  '@standard-schema/spec@1.1.0':
    resolution: {integrity: sha512-l2aFy5jALhniG5HgqrD6jXLi/rUWrKvqN/qJx6yoJsgKhblVd+iqqU4RCXavm/jPityDo5TCvKMnpjKnOriy0w==}

  '@sveltejs/acorn-typescript@1.0.9':
    resolution: {integrity: sha512-lVJX6qEgs/4DOcRTpo56tmKzVPtoWAaVbL4hfO7t7NVwl9AAXzQR6cihesW1BmNMPl+bK6dreu2sOKBP2Q9CIA==}
    peerDependencies:
      acorn: ^8.9.0

  '@sveltejs/adapter-vercel@6.3.2':
    resolution: {integrity: sha512-b9zkpCDWb5iuNtSgSabd2jBekFk+2WaaH454bC5Kl1dH8Fxt9SP4k4nug/Yek+sLvceK8SKcuuRIFuI91GJ+wA==}
    engines: {node: '>=20.0'}
    peerDependencies:
      '@sveltejs/kit': ^2.4.0

  '@sveltejs/kit@2.52.2':
    resolution: {integrity: sha512-1in76dftrofUt138rVLvYuwiQLkg9K3cG8agXEE6ksf7gCGs8oIr3+pFrVtbRmY9JvW+psW5fvLM/IwVybOLBA==}
    engines: {node: '>=18.13'}
    hasBin: true
    peerDependencies:
      '@opentelemetry/api': ^1.0.0
      '@sveltejs/vite-plugin-svelte': ^3.0.0 || ^4.0.0-next.1 || ^5.0.0 || ^6.0.0-next.0
      svelte: ^4.0.0 || ^5.0.0-next.0
      typescript: ^5.3.3
      vite: ^5.0.3 || ^6.0.0 || ^7.0.0-beta.0
    peerDependenciesMeta:
      '@opentelemetry/api':
        optional: true
      typescript:
        optional: true

  '@sveltejs/vite-plugin-svelte-inspector@5.0.1':
    resolution: {integrity: sha512-ubWshlMk4bc8mkwWbg6vNvCeT7lGQojE3ijDh3QTR6Zr/R+GXxsGbyH4PExEPpiFmqPhYiVSVmHBjUcVc1JIrA==}
    engines: {node: ^20.19 || ^22.12 || >=24}
    peerDependencies:
      '@sveltejs/vite-plugin-svelte': ^6.0.0-next.0
      svelte: ^5.0.0
      vite: ^6.3.0 || ^7.0.0

  '@sveltejs/vite-plugin-svelte@6.2.1':
    resolution: {integrity: sha512-YZs/OSKOQAQCnJvM/P+F1URotNnYNeU3P2s4oIpzm1uFaqUEqRxUB0g5ejMjEb5Gjb9/PiBI5Ktrq4rUUF8UVQ==}
    engines: {node: ^20.19 || ^22.12 || >=24}
    peerDependencies:
      svelte: ^5.0.0
      vite: ^6.3.0 || ^7.0.0

  '@types/cookie@0.6.0':
    resolution: {integrity: sha512-4Kh9a6B2bQciAhf7FSuMRRkUWecJgJu9nPnx3yzpsfXX/c50REIqpHY4C82bXP90qrLtXtkDxTZosYO3UpOwlA==}

  '@types/estree@1.0.8':
    resolution: {integrity: sha512-dWHzHa2WqEXI/O1E9OjrocMTKJl2mSrEolh1Iomrv6U+JuNwaHXsXx9bLu5gG7BUWFIN0skIQJQ/L1rIex4X6w==}

  '@types/trusted-types@2.0.7':
    resolution: {integrity: sha512-ScaPdn1dQczgbl0QFTeTOmVHFULt394XJgOQNoyVhZ6r2vLnMLJfBPd53SB52T/3G36VI1/g2MZaX0cwDuXsfw==}

  '@vercel/nft@1.3.1':
    resolution: {integrity: sha512-ihNT1rswiq3cy4WKQAV5kJi6UjWX1vLUzlLc+Vvq83G8CU9nMgfDWz5f1tOnSlS8LeC4Wp4qTB3+HGj/ccUrFQ==}
    engines: {node: '>=20'}
    hasBin: true

  abbrev@3.0.1:
    resolution: {integrity: sha512-AO2ac6pjRB3SJmGJo+v5/aK6Omggp6fsLrs6wN9bd35ulu4cCwaAU9+7ZhXjeqHVkaHThLuzH0nZr0YpCDhygg==}
    engines: {node: ^18.17.0 || >=20.5.0}

  acorn-import-attributes@1.9.5:
    resolution: {integrity: sha512-n02Vykv5uA3eHGM/Z2dQrcD56kL8TyDb2p1+0P83PClMnC/nc+anbQRhIOWnSq4Ke/KvDPrY3C9hDtC/A3eHnQ==}
    peerDependencies:
      acorn: ^8

  acorn@8.16.0:
    resolution: {integrity: sha512-UVJyE9MttOsBQIDKw1skb9nAwQuR5wuGD3+82K6JgJlm/Y+KI92oNsMNGZCYdDsVtRHSak0pcV5Dno5+4jh9sw==}
    engines: {node: '>=0.4.0'}
    hasBin: true

  agent-base@7.1.4:
    resolution: {integrity: sha512-MnA+YT8fwfJPgBx3m60MNqakm30XOkyIoH1y6huTQvC0PwZG7ki8NacLBcrPbNoo8vEZy7Jpuk7+jMO+CUovTQ==}
    engines: {node: '>= 14'}

  aria-query@5.3.1:
    resolution: {integrity: sha512-Z/ZeOgVl7bcSYZ/u/rh0fOpvEpq//LZmdbkXyc7syVzjPAhfOa9ebsdTSjEBDU4vs5nC98Kfduj1uFo0qyET3g==}
    engines: {node: '>= 0.4'}

  async-sema@3.1.1:
    resolution: {integrity: sha512-tLRNUXati5MFePdAk8dw7Qt7DpxPB60ofAgn8WRhW6a2rcimZnYBP9oxHiv0OHy+Wz7kPMG+t4LGdt31+4EmGg==}

  axobject-query@4.1.0:
    resolution: {integrity: sha512-qIj0G9wZbMGNLjLmg1PT6v2mE9AH2zlnADJD/2tC6E00hgmhUOfEB6greHPAfLRSufHqROIUTkw6E+M3lH0PTQ==}
    engines: {node: '>= 0.4'}

  balanced-match@4.0.3:
    resolution: {integrity: sha512-1pHv8LX9CpKut1Zp4EXey7Z8OfH11ONNH6Dhi2WDUt31VVZFXZzKwXcysBgqSumFCmR+0dqjMK5v5JiFHzi0+g==}
    engines: {node: 20 || >=22}

  bindings@1.5.0:
    resolution: {integrity: sha512-p2q/t/mhvuOj/UeLlV6566GD/guowlr0hHxClI0W9m7MWYkL1F0hLo+0Aexs9HSPCtR1SXQ0TD3MMKrXZajbiQ==}

  brace-expansion@5.0.2:
    resolution: {integrity: sha512-Pdk8c9poy+YhOgVWw1JNN22/HcivgKWwpxKq04M/jTmHyCZn12WPJebZxdjSa5TmBqISrUSgNYU3eRORljfCCw==}
    engines: {node: 20 || >=22}

  chownr@3.0.0:
    resolution: {integrity: sha512-+IxzY9BZOQd/XuYPRmrvEVjF/nqj5kgT4kEq7VofrDoM1MxoRjEWkrCC3EtLi59TVawxTAn+orJwFQcrqEN1+g==}
    engines: {node: '>=18'}

  clsx@2.1.1:
    resolution: {integrity: sha512-eYm0QWBtUrBWZWG0d386OGAw16Z995PiOVo2B7bjWSbHedGl5e0ZWaq65kOGgUSNesEIDkB9ISbTg/JK9dhCZA==}
    engines: {node: '>=6'}

  consola@3.4.2:
    resolution: {integrity: sha512-5IKcdX0nnYavi6G7TtOhwkYzyjfJlatbjMjuLSfE2kYT5pMDOilZ4OvMhi637CcDICTmz3wARPoyhqyX1Y+XvA==}
    engines: {node: ^14.18.0 || >=16.10.0}

  cookie@0.6.0:
    resolution: {integrity: sha512-U71cyTamuh1CRNCfpGY6to28lxvNwPG4Guz/EVjgf3Jmzv0vlDp1atT9eS5dDjMYHucpHbWns6Lwf3BKz6svdw==}
    engines: {node: '>= 0.6'}

  debug@4.4.3:
    resolution: {integrity: sha512-RGwwWnwQvkVfavKVt22FGLw+xYSdzARwm0ru6DhTVA3umU5hZc28V3kO4stgYryrTlLpuvgI9GiijltAjNbcqA==}
    engines: {node: '>=6.0'}
    peerDependencies:
      supports-color: '*'
    peerDependenciesMeta:
      supports-color:
        optional: true

  deepmerge@4.3.1:
    resolution: {integrity: sha512-3sUqbMEc77XqpdNO7FRyRog+eW3ph+GYCbj+rK+uYyRMuwsVy0rMiVtPn+QJlKFvWP/1PYpapqYn0Me2knFn+A==}
    engines: {node: '>=0.10.0'}

  detect-libc@2.1.2:
    resolution: {integrity: sha512-Btj2BOOO83o3WyH59e8MgXsxEQVcarkUOpEYrubB0urwnN10yQ364rsiByU11nZlqWYZm05i/of7io4mzihBtQ==}
    engines: {node: '>=8'}

  devalue@5.6.3:
    resolution: {integrity: sha512-nc7XjUU/2Lb+SvEFVGcWLiKkzfw8+qHI7zn8WYXKkLMgfGSHbgCEaR6bJpev8Cm6Rmrb19Gfd/tZvGqx9is3wg==}

  dom-serializer@2.0.0:
    resolution: {integrity: sha512-wIkAryiqt/nV5EQKqQpo3SToSOV9J0DnbJqwK7Wv/Trc92zIAYZ4FlMu+JPFW1DfGFt81ZTCGgDEabffXeLyJg==}

  domelementtype@2.3.0:
    resolution: {integrity: sha512-OLETBj6w0OsagBwdXnPdN0cnMfF9opN69co+7ZrbfPGrdpPVNBUj02spi6B1N7wChLQiPn4CSH/zJvXw56gmHw==}

  domhandler@5.0.3:
    resolution: {integrity: sha512-cgwlv/1iFQiFnU96XXgROh8xTeetsnJiDsTc7TYCLFd9+/WNkIqPTxiM/8pSd8VIrhXGTf1Ny1q1hquVqDJB5w==}
    engines: {node: '>= 4'}

  domutils@3.2.2:
    resolution: {integrity: sha512-6kZKyUajlDuqlHKVX1w7gyslj9MPIXzIFiz/rGu35uC1wMi+kMhQwGhl4lt9unC9Vb9INnY9Z3/ZA3+FhASLaw==}

  entities@4.5.0:
    resolution: {integrity: sha512-V0hjH4dGPh9Ao5p0MoRY6BVqtwCjhz6vI5LT8AJ55H+4g9/4vbHx1I54fS0XuclLhDHArPQCiMjDxjaL8fPxhw==}
    engines: {node: '>=0.12'}

  esbuild@0.25.12:
    resolution: {integrity: sha512-bbPBYYrtZbkt6Os6FiTLCTFxvq4tt3JKall1vRwshA3fdVztsLAatFaZobhkBC8/BrPetoa0oksYoKXoG4ryJg==}
    engines: {node: '>=18'}
    hasBin: true

  escape-string-regexp@4.0.0:
    resolution: {integrity: sha512-TtpcNJ3XAzx3Gq8sWRzJaVajRs0uVxA2YAkdb1jm2YkPz4G6egUFAyA3n5vtEIZefPk5Wa4UXbKuS5fKkJWdgA==}
    engines: {node: '>=10'}

  esm-env@1.2.2:
    resolution: {integrity: sha512-Epxrv+Nr/CaL4ZcFGPJIYLWFom+YeV1DqMLHJoEd9SYRxNbaFruBwfEX/kkHUJf55j2+TUbmDcmuilbP1TmXHA==}

  esrap@2.2.3:
    resolution: {integrity: sha512-8fOS+GIGCQZl/ZIlhl59htOlms6U8NvX6ZYgYHpRU/b6tVSh3uHkOHZikl3D4cMbYM0JlpBe+p/BkZEi8J9XIQ==}

  estree-walker@2.0.2:
    resolution: {integrity: sha512-Rfkk/Mp/DL7JVje3u18FxFujQlTNR2q6QfMSMB7AvCBx91NGj/ba3kCfza0f6dVDbw7YlRf/nDrn7pQrCCyQ/w==}

  fdir@6.5.0:
    resolution: {integrity: sha512-tIbYtZbucOs0BRGqPJkshJUYdL+SDH7dVM8gjy+ERp3WAUjLEFJE+02kanyHtwjWOnwrKYBiwAmM0p4kLJAnXg==}
    engines: {node: '>=12.0.0'}
    peerDependencies:
      picomatch: ^3 || ^4
    peerDependenciesMeta:
      picomatch:
        optional: true

  file-uri-to-path@1.0.0:
    resolution: {integrity: sha512-0Zt+s3L7Vf1biwWZ29aARiVYLx7iMGnEUl9x33fbB/j3jR81u/O2LbqK+Bm1CDSNDKVtJ/YjwY7TUd5SkeLQLw==}

  fsevents@2.3.3:
    resolution: {integrity: sha512-5xoDfX+fL7faATnagmWPpbFtwh/R77WmMMqqHGS65C3vvB0YHrgF+B1YmZ3441tMj5n63k0212XNoJwzlhffQw==}
    engines: {node: ^8.16.0 || ^10.6.0 || >=11.0.0}
    os: [darwin]

  glob@13.0.6:
    resolution: {integrity: sha512-Wjlyrolmm8uDpm/ogGyXZXb1Z+Ca2B8NbJwqBVg0axK9GbBeoS7yGV6vjXnYdGm6X53iehEuxxbyiKp8QmN4Vw==}
    engines: {node: 18 || 20 || >=22}

  graceful-fs@4.2.11:
    resolution: {integrity: sha512-RbJ5/jmFcNNCcDV5o9eTnBLJ/HszWV0P73bc+Ff4nS/rJj+YaS6IGyiOL0VoBYX+l1Wrl3k63h/KrH+nhJ0XvQ==}

  htmlparser2@8.0.2:
    resolution: {integrity: sha512-GYdjWKDkbRLkZ5geuHs5NY1puJ+PXwP7+fHPRz06Eirsb9ugf6d8kkXav6ADhcODhFFPMIXyxkxSuMf3D6NCFA==}

  https-proxy-agent@7.0.6:
    resolution: {integrity: sha512-vK9P5/iUfdl95AI+JVyUuIcVtd4ofvtrOr3HNtM2yxC9bnMbEdp3x01OhQNnjb8IJYi38VlTE3mBXwcfvywuSw==}
    engines: {node: '>= 14'}

  is-plain-object@5.0.0:
    resolution: {integrity: sha512-VRSzKkbMm5jMDoKLbltAkFQ5Qr7VDiTFGXxYFXXowVj387GeGNOCsOH6Msy00SGZ3Fp84b1Naa1psqgcCIEP5Q==}
    engines: {node: '>=0.10.0'}

  is-reference@3.0.3:
    resolution: {integrity: sha512-ixkJoqQvAP88E6wLydLGGqCJsrFUnqoH6HnaczB8XmDH1oaWU+xxdptvikTgaEhtZ53Ky6YXiBuUI2WXLMCwjw==}

  kleur@4.1.5:
    resolution: {integrity: sha512-o+NO+8WrRiQEE4/7nwRJhN1HWpVmJm511pBHUxPLtp0BUISzlBplORYSmTclCnJvQq2tKu/sgl3xVpkc7ZWuQQ==}
    engines: {node: '>=6'}

  locate-character@3.0.0:
    resolution: {integrity: sha512-SW13ws7BjaeJ6p7Q6CO2nchbYEc3X3J6WrmTTDto7yMPqVSZTUyY5Tjbid+Ab8gLnATtygYtiDIJGQRRn2ZOiA==}

  lru-cache@11.2.6:
    resolution: {integrity: sha512-ESL2CrkS/2wTPfuend7Zhkzo2u0daGJ/A2VucJOgQ/C48S/zB8MMeMHSGKYpXhIjbPxfuezITkaBH1wqv00DDQ==}
    engines: {node: 20 || >=22}

  magic-string@0.30.21:
    resolution: {integrity: sha512-vd2F4YUyEXKGcLHoq+TEyCjxueSeHnFxyyjNp80yg0XV4vUhnDer/lvvlqM/arB5bXQN5K2/3oinyCRyx8T2CQ==}

  marked@16.4.1:
    resolution: {integrity: sha512-ntROs7RaN3EvWfy3EZi14H4YxmT6A5YvywfhO+0pm+cH/dnSQRmdAmoFIc3B9aiwTehyk7pESH4ofyBY+V5hZg==}
    engines: {node: '>= 20'}
    hasBin: true

  minimatch@10.2.2:
    resolution: {integrity: sha512-+G4CpNBxa5MprY+04MbgOw1v7So6n5JY166pFi9KfYwT78fxScCeSNQSNzp6dpPSW2rONOps6Ocam1wFhCgoVw==}
    engines: {node: 18 || 20 || >=22}

  minipass@7.1.3:
    resolution: {integrity: sha512-tEBHqDnIoM/1rXME1zgka9g6Q2lcoCkxHLuc7ODJ5BxbP5d4c2Z5cGgtXAku59200Cx7diuHTOYfSBD8n6mm8A==}
    engines: {node: '>=16 || 14 >=14.17'}

  minizlib@3.1.0:
    resolution: {integrity: sha512-KZxYo1BUkWD2TVFLr0MQoM8vUUigWD3LlD83a/75BqC+4qE0Hb1Vo5v1FgcfaNXvfXzr+5EhQ6ing/CaBijTlw==}
    engines: {node: '>= 18'}

  mrmime@2.0.1:
    resolution: {integrity: sha512-Y3wQdFg2Va6etvQ5I82yUhGdsKrcYox6p7FfL1LbK2J4V01F9TGlepTIhnK24t7koZibmg82KGglhA1XK5IsLQ==}
    engines: {node: '>=10'}

  ms@2.1.3:
    resolution: {integrity: sha512-6FlzubTLZG3J2a/NVCAleEhjzq5oxgHyaCU9yYXvcLsvoVaHJq/s5xXI6/XXP6tz7R9xAOtHnSO/tXtF3WRTlA==}

  nanoid@3.3.11:
    resolution: {integrity: sha512-N8SpfPUnUp1bK+PMYW8qSWdl9U+wwNWI4QKxOYDy9JAro3WMX7p2OeVRF9v+347pnakNevPmiHhNmZ2HbFA76w==}
    engines: {node: ^10 || ^12 || ^13.7 || ^14 || >=15.0.1}
    hasBin: true

  node-fetch@2.7.0:
    resolution: {integrity: sha512-c4FRfUm/dbcWZ7U+1Wq0AwCyFL+3nt2bEw05wfxSz+DWpWsitgmSgYmy2dQdWyKC1694ELPqMs/YzUSNozLt8A==}
    engines: {node: 4.x || >=6.0.0}
    peerDependencies:
      encoding: ^0.1.0
    peerDependenciesMeta:
      encoding:
        optional: true

  node-gyp-build@4.8.4:
    resolution: {integrity: sha512-LA4ZjwlnUblHVgq0oBF3Jl/6h/Nvs5fzBLwdEF4nuxnFdsfajde4WfxtJr3CaiH+F6ewcIB/q4jQ4UzPyid+CQ==}
    hasBin: true

  nopt@8.1.0:
    resolution: {integrity: sha512-ieGu42u/Qsa4TFktmaKEwM6MQH0pOWnaB3htzh0JRtx84+Mebc0cbZYN5bC+6WTZ4+77xrL9Pn5m7CV6VIkV7A==}
    engines: {node: ^18.17.0 || >=20.5.0}
    hasBin: true

  parse-srcset@1.0.2:
    resolution: {integrity: sha512-/2qh0lav6CmI15FzA3i/2Bzk2zCgQhGMkvhOhKNcBVQ1ldgpbfiNTVslmooUmWJcADi1f1kIeynbDRVzNlfR6Q==}

  path-scurry@2.0.2:
    resolution: {integrity: sha512-3O/iVVsJAPsOnpwWIeD+d6z/7PmqApyQePUtCndjatj/9I5LylHvt5qluFaBT3I5h3r1ejfR056c+FCv+NnNXg==}
    engines: {node: 18 || 20 || >=22}

  picocolors@1.1.1:
    resolution: {integrity: sha512-xceH2snhtb5M9liqDsmEw56le376mTZkEX/jEb/RxNFyegNul7eNslCXP9FDj/Lcu0X8KEyMceP2ntpaHrDEVA==}

  picomatch@4.0.3:
    resolution: {integrity: sha512-5gTmgEY/sqK6gFXLIsQNH19lWb4ebPDLA4SdLP7dsWkIXHWlG66oPuVvXSGFPppYZz8ZDZq0dYYrbHfBCVUb1Q==}
    engines: {node: '>=12'}

  postcss@8.5.6:
    resolution: {integrity: sha512-3Ybi1tAuwAP9s0r1UQ2J4n5Y0G05bJkpUIO0/bI9MhwmD70S5aTWbXGBwxHrelT+XM1k6dM0pk+SwNkpTRN7Pg==}
    engines: {node: ^10 || ^12 || >=14}

  prettier-plugin-svelte@3.4.0:
    resolution: {integrity: sha512-pn1ra/0mPObzqoIQn/vUTR3ZZI6UuZ0sHqMK5x2jMLGrs53h0sXhkVuDcrlssHwIMk7FYrMjHBPoUSyyEEDlBQ==}
    peerDependencies:
      prettier: ^3.0.0
      svelte: ^3.2.0 || ^4.0.0-next.0 || ^5.0.0-next.0

  prettier@3.6.2:
    resolution: {integrity: sha512-I7AIg5boAr5R0FFtJ6rCfD+LFsWHp81dolrFD8S79U9tb8Az2nGrJncnMSnys+bpQJfRUzqs9hnA81OAA3hCuQ==}
    engines: {node: '>=14'}
    hasBin: true

  resolve-from@5.0.0:
    resolution: {integrity: sha512-qYg9KP24dD5qka9J47d0aVky0N+b4fTU89LN9iDnjB5waksiC49rvMB0PrUJQGoTmH50XPiqOvAjDfaijGxYZw==}
    engines: {node: '>=8'}

  rollup@4.52.5:
    resolution: {integrity: sha512-3GuObel8h7Kqdjt0gxkEzaifHTqLVW56Y/bjN7PSQtkKr0w3V/QYSdt6QWYtd7A1xUtYQigtdUfgj1RvWVtorw==}
    engines: {node: '>=18.0.0', npm: '>=8.0.0'}
    hasBin: true

  sanitize-html@2.17.0:
    resolution: {integrity: sha512-dLAADUSS8rBwhaevT12yCezvioCA+bmUTPH/u57xKPT8d++voeYE6HeluA/bPbQ15TwDBG2ii+QZIEmYx8VdxA==}

  semver@7.7.4:
    resolution: {integrity: sha512-vFKC2IEtQnVhpT78h1Yp8wzwrf8CM+MzKMHGJZfBtzhZNycRFnXsHk6E5TxIkkMsgNS7mdX3AGB7x2QM2di4lA==}
    engines: {node: '>=10'}
    hasBin: true

  set-cookie-parser@3.0.1:
    resolution: {integrity: sha512-n7Z7dXZhJbwuAHhNzkTti6Aw9QDDjZtm3JTpTGATIdNzdQz5GuFs22w90BcvF4INfnrL5xrX3oGsuqO5Dx3A1Q==}

  sirv@3.0.2:
    resolution: {integrity: sha512-2wcC/oGxHis/BoHkkPwldgiPSYcpZK3JU28WoMVv55yHJgcZ8rlXvuG9iZggz+sU1d4bRgIGASwyWqjxu3FM0g==}
    engines: {node: '>=18'}

  source-map-js@1.2.1:
    resolution: {integrity: sha512-UXWMKhLOwVKb728IUtQPXxfYU+usdybtUrK/8uGE8CQMvrhOpwvzDBwj0QhSL7MQc7vIsISBG8VQ8+IDQxpfQA==}
    engines: {node: '>=0.10.0'}

  svelte@5.53.5:
    resolution: {integrity: sha512-YkqERnF05g8KLdDZwZrF8/i1eSbj6Eoat8Jjr2IfruZz9StLuBqo8sfCSzjosNKd+ZrQ8DkKZDjpO5y3ht1Pow==}
    engines: {node: '>=18'}

  tar@7.5.9:
    resolution: {integrity: sha512-BTLcK0xsDh2+PUe9F6c2TlRp4zOOBMTkoQHQIWSIzI0R7KG46uEwq4OPk2W7bZcprBMsuaeFsqwYr7pjh6CuHg==}
    engines: {node: '>=18'}

  tinyglobby@0.2.15:
    resolution: {integrity: sha512-j2Zq4NyQYG5XMST4cbs02Ak8iJUdxRM0XI5QyxXuZOzKOINmWurp3smXu3y5wDcJrptwpSjgXHzIQxR0omXljQ==}
    engines: {node: '>=12.0.0'}

  totalist@3.0.1:
    resolution: {integrity: sha512-sf4i37nQ2LBx4m3wB74y+ubopq6W/dIzXg0FDGjsYnZHVa1Da8FH853wlL2gtUhg+xJXjfk3kUZS3BRoQeoQBQ==}
    engines: {node: '>=6'}

  tr46@0.0.3:
    resolution: {integrity: sha512-N3WMsuqV66lT30CrXNbEjx4GEwlow3v6rr4mCcv6prnfwhS01rkgyFdjPNBYd9br7LpXV1+Emh01fHnq2Gdgrw==}

  typescript@5.9.3:
    resolution: {integrity: sha512-jl1vZzPDinLr9eUt3J/t7V6FgNEw9QjvBPdysz9KfQDD41fQrC2Y4vKQdiaUpFT4bXlb1RHhLpp8wtm6M5TgSw==}
    engines: {node: '>=14.17'}
    hasBin: true

  vite@7.1.12:
    resolution: {integrity: sha512-ZWyE8YXEXqJrrSLvYgrRP7p62OziLW7xI5HYGWFzOvupfAlrLvURSzv/FyGyy0eidogEM3ujU+kUG1zuHgb6Ug==}
    engines: {node: ^20.19.0 || >=22.12.0}
    hasBin: true
    peerDependencies:
      '@types/node': ^20.19.0 || >=22.12.0
      jiti: '>=1.21.0'
      less: ^4.0.0
      lightningcss: ^1.21.0
      sass: ^1.70.0
      sass-embedded: ^1.70.0
      stylus: '>=0.54.8'
      sugarss: ^5.0.0
      terser: ^5.16.0
      tsx: ^4.8.1
      yaml: ^2.4.2
    peerDependenciesMeta:
      '@types/node':
        optional: true
      jiti:
        optional: true
      less:
        optional: true
      lightningcss:
        optional: true
      sass:
        optional: true
      sass-embedded:
        optional: true
      stylus:
        optional: true
      sugarss:
        optional: true
      terser:
        optional: true
      tsx:
        optional: true
      yaml:
        optional: true

  vitefu@1.1.1:
    resolution: {integrity: sha512-B/Fegf3i8zh0yFbpzZ21amWzHmuNlLlmJT6n7bu5e+pCHUKQIfXSYokrqOBGEMMe9UG2sostKQF9mml/vYaWJQ==}
    peerDependencies:
      vite: ^3.0.0 || ^4.0.0 || ^5.0.0 || ^6.0.0 || ^7.0.0-beta.0
    peerDependenciesMeta:
      vite:
        optional: true

  webidl-conversions@3.0.1:
    resolution: {integrity: sha512-2JAn3z8AR6rjK8Sm8orRC0h/bcl/DqL7tRPdGZ4I1CjdF+EaMLmYxBHyXuKL849eucPFhvBoxMsflfOb8kxaeQ==}

  whatwg-url@5.0.0:
    resolution: {integrity: sha512-saE57nupxk6v3HY35+jzBwYa0rKSy0XR8JSxZPwgLr7ys0IBzhGviA1/TUGJLmSVqs8pb9AnvICXEuOHLprYTw==}

  yallist@5.0.0:
    resolution: {integrity: sha512-YgvUTfwqyc7UXVMrB+SImsVYSmTS8X/tSrtdNZMImM+n7+QTriRXyXim0mBrTXNeqzVF0KWGgHPeiyViFFrNDw==}
    engines: {node: '>=18'}

  zimmerframe@1.1.4:
    resolution: {integrity: sha512-B58NGBEoc8Y9MWWCQGl/gq9xBCe4IiKM0a2x7GZdQKOW5Exr8S1W24J6OgM1njK8xCRGvAJIL/MxXHf6SkmQKQ==}

snapshots:

  '@esbuild/aix-ppc64@0.25.12':
    optional: true

  '@esbuild/android-arm64@0.25.12':
    optional: true

  '@esbuild/android-arm@0.25.12':
    optional: true

  '@esbuild/android-x64@0.25.12':
    optional: true

  '@esbuild/darwin-arm64@0.25.12':
    optional: true

  '@esbuild/darwin-x64@0.25.12':
    optional: true

  '@esbuild/freebsd-arm64@0.25.12':
    optional: true

  '@esbuild/freebsd-x64@0.25.12':
    optional: true

  '@esbuild/linux-arm64@0.25.12':
    optional: true

  '@esbuild/linux-arm@0.25.12':
    optional: true

  '@esbuild/linux-ia32@0.25.12':
    optional: true

  '@esbuild/linux-loong64@0.25.12':
    optional: true

  '@esbuild/linux-mips64el@0.25.12':
    optional: true

  '@esbuild/linux-ppc64@0.25.12':
    optional: true

  '@esbuild/linux-riscv64@0.25.12':
    optional: true

  '@esbuild/linux-s390x@0.25.12':
    optional: true

  '@esbuild/linux-x64@0.25.12':
    optional: true

  '@esbuild/netbsd-arm64@0.25.12':
    optional: true

  '@esbuild/netbsd-x64@0.25.12':
    optional: true

  '@esbuild/openbsd-arm64@0.25.12':
    optional: true

  '@esbuild/openbsd-x64@0.25.12':
    optional: true

  '@esbuild/openharmony-arm64@0.25.12':
    optional: true

  '@esbuild/sunos-x64@0.25.12':
    optional: true

  '@esbuild/win32-arm64@0.25.12':
    optional: true

  '@esbuild/win32-ia32@0.25.12':
    optional: true

  '@esbuild/win32-x64@0.25.12':
    optional: true

  '@isaacs/fs-minipass@4.0.1':
    dependencies:
      minipass: 7.1.3

  '@jridgewell/gen-mapping@0.3.13':
    dependencies:
      '@jridgewell/sourcemap-codec': 1.5.5
      '@jridgewell/trace-mapping': 0.3.31

  '@jridgewell/remapping@2.3.5':
    dependencies:
      '@jridgewell/gen-mapping': 0.3.13
      '@jridgewell/trace-mapping': 0.3.31

  '@jridgewell/resolve-uri@3.1.2': {}

  '@jridgewell/sourcemap-codec@1.5.5': {}

  '@jridgewell/trace-mapping@0.3.31':
    dependencies:
      '@jridgewell/resolve-uri': 3.1.2
      '@jridgewell/sourcemap-codec': 1.5.5

  '@mapbox/node-pre-gyp@2.0.3':
    dependencies:
      consola: 3.4.2
      detect-libc: 2.1.2
      https-proxy-agent: 7.0.6
      node-fetch: 2.7.0
      nopt: 8.1.0
      semver: 7.7.4
      tar: 7.5.9
    transitivePeerDependencies:
      - encoding
      - supports-color

  '@polka/url@1.0.0-next.29': {}

  '@rollup/pluginutils@5.3.0(rollup@4.52.5)':
    dependencies:
      '@types/estree': 1.0.8
      estree-walker: 2.0.2
      picomatch: 4.0.3
    optionalDependencies:
      rollup: 4.52.5

  '@rollup/rollup-android-arm-eabi@4.52.5':
    optional: true

  '@rollup/rollup-android-arm64@4.52.5':
    optional: true

  '@rollup/rollup-darwin-arm64@4.52.5':
    optional: true

  '@rollup/rollup-darwin-x64@4.52.5':
    optional: true

  '@rollup/rollup-freebsd-arm64@4.52.5':
    optional: true

  '@rollup/rollup-freebsd-x64@4.52.5':
    optional: true

  '@rollup/rollup-linux-arm-gnueabihf@4.52.5':
    optional: true

  '@rollup/rollup-linux-arm-musleabihf@4.52.5':
    optional: true

  '@rollup/rollup-linux-arm64-gnu@4.52.5':
    optional: true

  '@rollup/rollup-linux-arm64-musl@4.52.5':
    optional: true

  '@rollup/rollup-linux-loong64-gnu@4.52.5':
    optional: true

  '@rollup/rollup-linux-ppc64-gnu@4.52.5':
    optional: true

  '@rollup/rollup-linux-riscv64-gnu@4.52.5':
    optional: true

  '@rollup/rollup-linux-riscv64-musl@4.52.5':
    optional: true

  '@rollup/rollup-linux-s390x-gnu@4.52.5':
    optional: true

  '@rollup/rollup-linux-x64-gnu@4.52.5':
    optional: true

  '@rollup/rollup-linux-x64-musl@4.52.5':
    optional: true

  '@rollup/rollup-openharmony-arm64@4.52.5':
    optional: true

  '@rollup/rollup-win32-arm64-msvc@4.52.5':
    optional: true

  '@rollup/rollup-win32-ia32-msvc@4.52.5':
    optional: true

  '@rollup/rollup-win32-x64-gnu@4.52.5':
    optional: true

  '@rollup/rollup-win32-x64-msvc@4.52.5':
    optional: true

  '@standard-schema/spec@1.1.0': {}

  '@sveltejs/acorn-typescript@1.0.9(acorn@8.16.0)':
    dependencies:
      acorn: 8.16.0

  '@sveltejs/adapter-vercel@6.3.2(@sveltejs/kit@2.52.2(@sveltejs/vite-plugin-svelte@6.2.1(svelte@5.53.5)(vite@7.1.12))(svelte@5.53.5)(typescript@5.9.3)(vite@7.1.12))(rollup@4.52.5)':
    dependencies:
      '@sveltejs/kit': 2.52.2(@sveltejs/vite-plugin-svelte@6.2.1(svelte@5.53.5)(vite@7.1.12))(svelte@5.53.5)(typescript@5.9.3)(vite@7.1.12)
      '@vercel/nft': 1.3.1(rollup@4.52.5)
      esbuild: 0.25.12
    transitivePeerDependencies:
      - encoding
      - rollup
      - supports-color

  '@sveltejs/kit@2.52.2(@sveltejs/vite-plugin-svelte@6.2.1(svelte@5.53.5)(vite@7.1.12))(svelte@5.53.5)(typescript@5.9.3)(vite@7.1.12)':
    dependencies:
      '@standard-schema/spec': 1.1.0
      '@sveltejs/acorn-typescript': 1.0.9(acorn@8.16.0)
      '@sveltejs/vite-plugin-svelte': 6.2.1(svelte@5.53.5)(vite@7.1.12)
      '@types/cookie': 0.6.0
      acorn: 8.16.0
      cookie: 0.6.0
      devalue: 5.6.3
      esm-env: 1.2.2
      kleur: 4.1.5
      magic-string: 0.30.21
      mrmime: 2.0.1
      set-cookie-parser: 3.0.1
      sirv: 3.0.2
      svelte: 5.53.5
      vite: 7.1.12
    optionalDependencies:
      typescript: 5.9.3

  '@sveltejs/vite-plugin-svelte-inspector@5.0.1(@sveltejs/vite-plugin-svelte@6.2.1(svelte@5.53.5)(vite@7.1.12))(svelte@5.53.5)(vite@7.1.12)':
    dependencies:
      '@sveltejs/vite-plugin-svelte': 6.2.1(svelte@5.53.5)(vite@7.1.12)
      debug: 4.4.3
      svelte: 5.53.5
      vite: 7.1.12
    transitivePeerDependencies:
      - supports-color

  '@sveltejs/vite-plugin-svelte@6.2.1(svelte@5.53.5)(vite@7.1.12)':
    dependencies:
      '@sveltejs/vite-plugin-svelte-inspector': 5.0.1(@sveltejs/vite-plugin-svelte@6.2.1(svelte@5.53.5)(vite@7.1.12))(svelte@5.53.5)(vite@7.1.12)
      debug: 4.4.3
      deepmerge: 4.3.1
      magic-string: 0.30.21
      svelte: 5.53.5
      vite: 7.1.12
      vitefu: 1.1.1(vite@7.1.12)
    transitivePeerDependencies:
      - supports-color

  '@types/cookie@0.6.0': {}

  '@types/estree@1.0.8': {}

  '@types/trusted-types@2.0.7': {}

  '@vercel/nft@1.3.1(rollup@4.52.5)':
    dependencies:
      '@mapbox/node-pre-gyp': 2.0.3
      '@rollup/pluginutils': 5.3.0(rollup@4.52.5)
      acorn: 8.16.0
      acorn-import-attributes: 1.9.5(acorn@8.16.0)
      async-sema: 3.1.1
      bindings: 1.5.0
      estree-walker: 2.0.2
      glob: 13.0.6
      graceful-fs: 4.2.11
      node-gyp-build: 4.8.4
      picomatch: 4.0.3
      resolve-from: 5.0.0
    transitivePeerDependencies:
      - encoding
      - rollup
      - supports-color

  abbrev@3.0.1: {}

  acorn-import-attributes@1.9.5(acorn@8.16.0):
    dependencies:
      acorn: 8.16.0

  acorn@8.16.0: {}

  agent-base@7.1.4: {}

  aria-query@5.3.1: {}

  async-sema@3.1.1: {}

  axobject-query@4.1.0: {}

  balanced-match@4.0.3: {}

  bindings@1.5.0:
    dependencies:
      file-uri-to-path: 1.0.0

  brace-expansion@5.0.2:
    dependencies:
      balanced-match: 4.0.3

  chownr@3.0.0: {}

  clsx@2.1.1: {}

  consola@3.4.2: {}

  cookie@0.6.0: {}

  debug@4.4.3:
    dependencies:
      ms: 2.1.3

  deepmerge@4.3.1: {}

  detect-libc@2.1.2: {}

  devalue@5.6.3: {}

  dom-serializer@2.0.0:
    dependencies:
      domelementtype: 2.3.0
      domhandler: 5.0.3
      entities: 4.5.0

  domelementtype@2.3.0: {}

  domhandler@5.0.3:
    dependencies:
      domelementtype: 2.3.0

  domutils@3.2.2:
    dependencies:
      dom-serializer: 2.0.0
      domelementtype: 2.3.0
      domhandler: 5.0.3

  entities@4.5.0: {}

  esbuild@0.25.12:
    optionalDependencies:
      '@esbuild/aix-ppc64': 0.25.12
      '@esbuild/android-arm': 0.25.12
      '@esbuild/android-arm64': 0.25.12
      '@esbuild/android-x64': 0.25.12
      '@esbuild/darwin-arm64': 0.25.12
      '@esbuild/darwin-x64': 0.25.12
      '@esbuild/freebsd-arm64': 0.25.12
      '@esbuild/freebsd-x64': 0.25.12
      '@esbuild/linux-arm': 0.25.12
      '@esbuild/linux-arm64': 0.25.12
      '@esbuild/linux-ia32': 0.25.12
      '@esbuild/linux-loong64': 0.25.12
      '@esbuild/linux-mips64el': 0.25.12
      '@esbuild/linux-ppc64': 0.25.12
      '@esbuild/linux-riscv64': 0.25.12
      '@esbuild/linux-s390x': 0.25.12
      '@esbuild/linux-x64': 0.25.12
      '@esbuild/netbsd-arm64': 0.25.12
      '@esbuild/netbsd-x64': 0.25.12
      '@esbuild/openbsd-arm64': 0.25.12
      '@esbuild/openbsd-x64': 0.25.12
      '@esbuild/openharmony-arm64': 0.25.12
      '@esbuild/sunos-x64': 0.25.12
      '@esbuild/win32-arm64': 0.25.12
      '@esbuild/win32-ia32': 0.25.12
      '@esbuild/win32-x64': 0.25.12

  escape-string-regexp@4.0.0: {}

  esm-env@1.2.2: {}

  esrap@2.2.3:
    dependencies:
      '@jridgewell/sourcemap-codec': 1.5.5

  estree-walker@2.0.2: {}

  fdir@6.5.0(picomatch@4.0.3):
    optionalDependencies:
      picomatch: 4.0.3

  file-uri-to-path@1.0.0: {}

  fsevents@2.3.3:
    optional: true

  glob@13.0.6:
    dependencies:
      minimatch: 10.2.2
      minipass: 7.1.3
      path-scurry: 2.0.2

  graceful-fs@4.2.11: {}

  htmlparser2@8.0.2:
    dependencies:
      domelementtype: 2.3.0
      domhandler: 5.0.3
      domutils: 3.2.2
      entities: 4.5.0

  https-proxy-agent@7.0.6:
    dependencies:
      agent-base: 7.1.4
      debug: 4.4.3
    transitivePeerDependencies:
      - supports-color

  is-plain-object@5.0.0: {}

  is-reference@3.0.3:
    dependencies:
      '@types/estree': 1.0.8

  kleur@4.1.5: {}

  locate-character@3.0.0: {}

  lru-cache@11.2.6: {}

  magic-string@0.30.21:
    dependencies:
      '@jridgewell/sourcemap-codec': 1.5.5

  marked@16.4.1: {}

  minimatch@10.2.2:
    dependencies:
      brace-expansion: 5.0.2

  minipass@7.1.3: {}

  minizlib@3.1.0:
    dependencies:
      minipass: 7.1.3

  mrmime@2.0.1: {}

  ms@2.1.3: {}

  nanoid@3.3.11: {}

  node-fetch@2.7.0:
    dependencies:
      whatwg-url: 5.0.0

  node-gyp-build@4.8.4: {}

  nopt@8.1.0:
    dependencies:
      abbrev: 3.0.1

  parse-srcset@1.0.2: {}

  path-scurry@2.0.2:
    dependencies:
      lru-cache: 11.2.6
      minipass: 7.1.3

  picocolors@1.1.1: {}

  picomatch@4.0.3: {}

  postcss@8.5.6:
    dependencies:
      nanoid: 3.3.11
      picocolors: 1.1.1
      source-map-js: 1.2.1

  prettier-plugin-svelte@3.4.0(prettier@3.6.2)(svelte@5.53.5):
    dependencies:
      prettier: 3.6.2
      svelte: 5.53.5

  prettier@3.6.2: {}

  resolve-from@5.0.0: {}

  rollup@4.52.5:
    dependencies:
      '@types/estree': 1.0.8
    optionalDependencies:
      '@rollup/rollup-android-arm-eabi': 4.52.5
      '@rollup/rollup-android-arm64': 4.52.5
      '@rollup/rollup-darwin-arm64': 4.52.5
      '@rollup/rollup-darwin-x64': 4.52.5
      '@rollup/rollup-freebsd-arm64': 4.52.5
      '@rollup/rollup-freebsd-x64': 4.52.5
      '@rollup/rollup-linux-arm-gnueabihf': 4.52.5
      '@rollup/rollup-linux-arm-musleabihf': 4.52.5
      '@rollup/rollup-linux-arm64-gnu': 4.52.5
      '@rollup/rollup-linux-arm64-musl': 4.52.5
      '@rollup/rollup-linux-loong64-gnu': 4.52.5
      '@rollup/rollup-linux-ppc64-gnu': 4.52.5
      '@rollup/rollup-linux-riscv64-gnu': 4.52.5
      '@rollup/rollup-linux-riscv64-musl': 4.52.5
      '@rollup/rollup-linux-s390x-gnu': 4.52.5
      '@rollup/rollup-linux-x64-gnu': 4.52.5
      '@rollup/rollup-linux-x64-musl': 4.52.5
      '@rollup/rollup-openharmony-arm64': 4.52.5
      '@rollup/rollup-win32-arm64-msvc': 4.52.5
      '@rollup/rollup-win32-ia32-msvc': 4.52.5
      '@rollup/rollup-win32-x64-gnu': 4.52.5
      '@rollup/rollup-win32-x64-msvc': 4.52.5
      fsevents: 2.3.3

  sanitize-html@2.17.0:
    dependencies:
      deepmerge: 4.3.1
      escape-string-regexp: 4.0.0
      htmlparser2: 8.0.2
      is-plain-object: 5.0.0
      parse-srcset: 1.0.2
      postcss: 8.5.6

  semver@7.7.4: {}

  set-cookie-parser@3.0.1: {}

  sirv@3.0.2:
    dependencies:
      '@polka/url': 1.0.0-next.29
      mrmime: 2.0.1
      totalist: 3.0.1

  source-map-js@1.2.1: {}

  svelte@5.53.5:
    dependencies:
      '@jridgewell/remapping': 2.3.5
      '@jridgewell/sourcemap-codec': 1.5.5
      '@sveltejs/acorn-typescript': 1.0.9(acorn@8.16.0)
      '@types/estree': 1.0.8
      '@types/trusted-types': 2.0.7
      acorn: 8.16.0
      aria-query: 5.3.1
      axobject-query: 4.1.0
      clsx: 2.1.1
      devalue: 5.6.3
      esm-env: 1.2.2
      esrap: 2.2.3
      is-reference: 3.0.3
      locate-character: 3.0.0
      magic-string: 0.30.21
      zimmerframe: 1.1.4

  tar@7.5.9:
    dependencies:
      '@isaacs/fs-minipass': 4.0.1
      chownr: 3.0.0
      minipass: 7.1.3
      minizlib: 3.1.0
      yallist: 5.0.0

  tinyglobby@0.2.15:
    dependencies:
      fdir: 6.5.0(picomatch@4.0.3)
      picomatch: 4.0.3

  totalist@3.0.1: {}

  tr46@0.0.3: {}

  typescript@5.9.3: {}

  vite@7.1.12:
    dependencies:
      esbuild: 0.25.12
      fdir: 6.5.0(picomatch@4.0.3)
      picomatch: 4.0.3
      postcss: 8.5.6
      rollup: 4.52.5
      tinyglobby: 0.2.15
    optionalDependencies:
      fsevents: 2.3.3

  vitefu@1.1.1(vite@7.1.12):
    optionalDependencies:
      vite: 7.1.12

  webidl-conversions@3.0.1: {}

  whatwg-url@5.0.0:
    dependencies:
      tr46: 0.0.3
      webidl-conversions: 3.0.1

  yallist@5.0.0: {}

  zimmerframe@1.1.4: {}
